// !$*UTF8*$!
{
	archiveVersion = 1;
	classes = {
	};
	objectVersion = 50;
	objects = {

/* Begin PBXBuildFile section */
		1707AAFD2429F31500337E8C /* main.swift in Sources */ = {isa = PBXBuildFile; fileRef = 1707AAFC2429F31500337E8C /* main.swift */; };
		1707AB05242A0A1D00337E8C /* MovieZeros.swift in Sources */ = {isa = PBXBuildFile; fileRef = 1707AB04242A0A1D00337E8C /* MovieZeros.swift */; };
		1707AB07242A550700337E8C /* MaxWaterArea.swift in Sources */ = {isa = PBXBuildFile; fileRef = 1707AB06242A550700337E8C /* MaxWaterArea.swift */; };
		1707AB09242A6FB700337E8C /* CombineStars.swift in Sources */ = {isa = PBXBuildFile; fileRef = 1707AB08242A6FB700337E8C /* CombineStars.swift */; };
		4FEE4AF12AE42F0EF10A612E /* libPods-AlgorithmPractice.a in Frameworks */ = {isa = PBXBuildFile; fileRef = 5B0DB78E2DA4D3820329A09E /* libPods-AlgorithmPractice.a */; };
/* End PBXBuildFile section */

/* Begin PBXCopyFilesBuildPhase section */
		1707AAF72429F31500337E8C /* CopyFiles */ = {
			isa = PBXCopyFilesBuildPhase;
			buildActionMask = 2147483647;
			dstPath = /usr/share/man/man1/;
			dstSubfolderSpec = 0;
			files = (
			);
			runOnlyForDeploymentPostprocessing = 1;
		};
/* End PBXCopyFilesBuildPhase section */

/* Begin PBXFileReference section */
		1707AAF92429F31500337E8C /* AlgorithmPractice */ = {isa = PBXFileReference; explicitFileType = "compiled.mach-o.executable"; includeInIndex = 0; path = AlgorithmPractice; sourceTree = BUILT_PRODUCTS_DIR; };
		1707AAFC2429F31500337E8C /* main.swift */ = {isa = PBXFileReference; lastKnownFileType = sourcecode.swift; path = main.swift; sourceTree = "<group>"; };
		1707AB04242A0A1D00337E8C /* MovieZeros.swift */ = {isa = PBXFileReference; lastKnownFileType = sourcecode.swift; path = MovieZeros.swift; sourceTree = "<group>"; };
		1707AB06242A550700337E8C /* MaxWaterArea.swift */ = {isa = PBXFileReference; lastKnownFileType = sourcecode.swift; path = MaxWaterArea.swift; sourceTree = "<group>"; };
		1707AB08242A6FB700337E8C /* CombineStars.swift */ = {isa = PBXFileReference; lastKnownFileType = sourcecode.swift; path = CombineStars.swift; sourceTree = "<group>"; };
		5B0DB78E2DA4D3820329A09E /* libPods-AlgorithmPractice.a */ = {isa = PBXFileReference; explicitFileType = archive.ar; includeInIndex = 0; path = "libPods-AlgorithmPractice.a"; sourceTree = BUILT_PRODUCTS_DIR; };
		BC58ACB1BA370ABFACAAB1E9 /* Pods-AlgorithmPractice.debug.xcconfig */ = {isa = PBXFileReference; includeInIndex = 1; lastKnownFileType = text.xcconfig; name = "Pods-AlgorithmPractice.debug.xcconfig"; path = "Target Support Files/Pods-AlgorithmPractice/Pods-AlgorithmPractice.debug.xcconfig"; sourceTree = "<group>"; };
		FA1ADEBC9FD99868A143DE10 /* Pods-AlgorithmPractice.release.xcconfig */ = {isa = PBXFileReference; includeInIndex = 1; lastKnownFileType = text.xcconfig; name = "Pods-AlgorithmPractice.release.xcconfig"; path = "Target Support Files/Pods-AlgorithmPractice/Pods-AlgorithmPractice.release.xcconfig"; sourceTree = "<group>"; };
/* End PBXFileReference section */

/* Begin PBXFrameworksBuildPhase section */
		1707AAF62429F31500337E8C /* Frameworks */ = {
			isa = PBXFrameworksBuildPhase;
			buildActionMask = 2147483647;
			files = (
				4FEE4AF12AE42F0EF10A612E /* libPods-AlgorithmPractice.a in Frameworks */,
			);
			runOnlyForDeploymentPostprocessing = 0;
		};
/* End PBXFrameworksBuildPhase section */

/* Begin PBXGroup section */
		1707AAF02429F31500337E8C = {
			isa = PBXGroup;
			children = (
				1707AAFB2429F31500337E8C /* AlgorithmPractice */,
				1707AAFA2429F31500337E8C /* Products */,
				F41724642961D0F99265983B /* Pods */,
				E8CDC3B89E7662F81992EED9 /* Frameworks */,
			);
			sourceTree = "<group>";
		};
		1707AAFA2429F31500337E8C /* Products */ = {
			isa = PBXGroup;
			children = (
				1707AAF92429F31500337E8C /* AlgorithmPractice */,
			);
			name = Products;
			sourceTree = "<group>";
		};
		1707AAFB2429F31500337E8C /* AlgorithmPractice */ = {
			isa = PBXGroup;
			children = (
				1707AAFC2429F31500337E8C /* main.swift */,
				1707AB04242A0A1D00337E8C /* MovieZeros.swift */,
				1707AB06242A550700337E8C /* MaxWaterArea.swift */,
				1707AB08242A6FB700337E8C /* CombineStars.swift */,
			);
			path = AlgorithmPractice;
			sourceTree = "<group>";
		};
		E8CDC3B89E7662F81992EED9 /* Frameworks */ = {
			isa = PBXGroup;
			children = (
				5B0DB78E2DA4D3820329A09E /* libPods-AlgorithmPractice.a */,
			);
			name = Frameworks;
			sourceTree = "<group>";
		};
		F41724642961D0F99265983B /* Pods */ = {
			isa = PBXGroup;
			children = (
				BC58ACB1BA370ABFACAAB1E9 /* Pods-AlgorithmPractice.debug.xcconfig */,
				FA1ADEBC9FD99868A143DE10 /* Pods-AlgorithmPractice.release.xcconfig */,
			);
			path = Pods;
			sourceTree = "<group>";
		};
/* End PBXGroup section */

/* Begin PBXNativeTarget section */
		1707AAF82429F31500337E8C /* AlgorithmPractice */ = {
			isa = PBXNativeTarget;
			buildConfigurationList = 1707AB002429F31500337E8C /* Build configuration list for PBXNativeTarget "AlgorithmPractice" */;
			buildPhases = (
				12C62A2249C5983B156D4758 /* [CP] Check Pods Manifest.lock */,
				1707AAF52429F31500337E8C /* Sources */,
				1707AAF62429F31500337E8C /* Frameworks */,
				1707AAF72429F31500337E8C /* CopyFiles */,
				1707AB032429FFB800337E8C /* SwiftLint Script */,
			);
			buildRules = (
			);
			dependencies = (
			);
			name = AlgorithmPractice;
			productName = AlgorithmPractice;
			productReference = 1707AAF92429F31500337E8C /* AlgorithmPractice */;
			productType = "com.apple.product-type.tool";
		};
/* End PBXNativeTarget section */

/* Begin PBXProject section */
		1707AAF12429F31500337E8C /* Project object */ = {
			isa = PBXProject;
			attributes = {
				LastSwiftUpdateCheck = 1130;
				LastUpgradeCheck = 1130;
				ORGANIZATIONNAME = superYang;
				TargetAttributes = {
					1707AAF82429F31500337E8C = {
						CreatedOnToolsVersion = 11.3.1;
					};
				};
			};
			buildConfigurationList = 1707AAF42429F31500337E8C /* Build configuration list for PBXProject "AlgorithmPractice" */;
			compatibilityVersion = "Xcode 9.3";
			developmentRegion = en;
			hasScannedForEncodings = 0;
			knownRegions = (
				en,
				Base,
			);
			mainGroup = 1707AAF02429F31500337E8C;
			productRefGroup = 1707AAFA2429F31500337E8C /* Products */;
			projectDirPath = "";
			projectRoot = "";
			targets = (
				1707AAF82429F31500337E8C /* AlgorithmPractice */,
			);
		};
/* End PBXProject section */

/* Begin PBXShellScriptBuildPhase section */
		12C62A2249C5983B156D4758 /* [CP] Check Pods Manifest.lock */ = {
			isa = PBXShellScriptBuildPhase;
			buildActionMask = 2147483647;
			files = (
			);
			inputFileListPaths = (
			);
			inputPaths = (
				"${PODS_PODFILE_DIR_PATH}/Podfile.lock",
				"${PODS_ROOT}/Manifest.lock",
			);
			name = "[CP] Check Pods Manifest.lock";
			outputFileListPaths = (
			);
			outputPaths = (
				"$(DERIVED_FILE_DIR)/Pods-AlgorithmPractice-checkManifestLockResult.txt",
			);
			runOnlyForDeploymentPostprocessing = 0;
			shellPath = /bin/sh;
			shellScript = "diff \"${PODS_PODFILE_DIR_PATH}/Podfile.lock\" \"${PODS_ROOT}/Manifest.lock\" > /dev/null\nif [ $? != 0 ] ; then\n    # print error to STDERR\n    echo \"error: The sandbox is not in sync with the Podfile.lock. Run 'pod install' or update your CocoaPods installation.\" >&2\n    exit 1\nfi\n# This output is used by Xcode 'outputs' to avoid re-running this script phase.\necho \"SUCCESS\" > \"${SCRIPT_OUTPUT_FILE_0}\"\n";
			showEnvVarsInLog = 0;
		};
		1707AB032429FFB800337E8C /* SwiftLint Script */ = {
			isa = PBXShellScriptBuildPhase;
			buildActionMask = 2147483647;
			files = (
			);
			inputFileListPaths = (
			);
			inputPaths = (
			);
			name = "SwiftLint Script";
			outputFileListPaths = (
			);
			outputPaths = (
			);
			runOnlyForDeploymentPostprocessing = 0;
			shellPath = /bin/sh;
			shellScript = "\"${PODS_ROOT}/SwiftLint/swiftlint\"\n";
		};
/* End PBXShellScriptBuildPhase section */

/* Begin PBXSourcesBuildPhase section */
		1707AAF52429F31500337E8C /* Sources */ = {
			isa = PBXSourcesBuildPhase;
			buildActionMask = 2147483647;
			files = (
				1707AB05242A0A1D00337E8C /* MovieZeros.swift in Sources */,
				1707AB07242A550700337E8C /* MaxWaterArea.swift in Sources */,
				1707AAFD2429F31500337E8C /* main.swift in Sources */,
				1707AB09242A6FB700337E8C /* CombineStars.swift in Sources */,
			);
			runOnlyForDeploymentPostprocessing = 0;
		};
/* End PBXSourcesBuildPhase section */

/* Begin XCBuildConfiguration section */
		1707AAFE2429F31500337E8C /* Debug */ = {
			isa = XCBuildConfiguration;
			buildSettings = {
				ALWAYS_SEARCH_USER_PATHS = NO;
				CLANG_ANALYZER_NONNULL = YES;
				CLANG_ANALYZER_NUMBER_OBJECT_CONVERSION = YES_AGGRESSIVE;
				CLANG_CXX_LANGUAGE_STANDARD = "gnu++14";
				CLANG_CXX_LIBRARY = "libc++";
				CLANG_ENABLE_MODULES = YES;
				CLANG_ENABLE_OBJC_ARC = YES;
				CLANG_ENABLE_OBJC_WEAK = YES;
				CLANG_WARN_BLOCK_CAPTURE_AUTORELEASING = YES;
				CLANG_WARN_BOOL_CONVERSION = YES;
				CLANG_WARN_COMMA = YES;
				CLANG_WARN_CONSTANT_CONVERSION = YES;
				CLANG_WARN_DEPRECATED_OBJC_IMPLEMENTATIONS = YES;
				CLANG_WARN_DIRECT_OBJC_ISA_USAGE = YES_ERROR;
				CLANG_WARN_DOCUMENTATION_COMMENTS = YES;
				CLANG_WARN_EMPTY_BODY = YES;
				CLANG_WARN_ENUM_CONVERSION = YES;
				CLANG_WARN_INFINITE_RECURSION = YES;
				CLANG_WARN_INT_CONVERSION = YES;
				CLANG_WARN_NON_LITERAL_NULL_CONVERSION = YES;
				CLANG_WARN_OBJC_IMPLICIT_RETAIN_SELF = YES;
				CLANG_WARN_OBJC_LITERAL_CONVERSION = YES;
				CLANG_WARN_OBJC_ROOT_CLASS = YES_ERROR;
				CLANG_WARN_RANGE_LOOP_ANALYSIS = YES;
				CLANG_WARN_STRICT_PROTOTYPES = YES;
				CLANG_WARN_SUSPICIOUS_MOVE = YES;
				CLANG_WARN_UNGUARDED_AVAILABILITY = YES_AGGRESSIVE;
				CLANG_WARN_UNREACHABLE_CODE = YES;
				CLANG_WARN__DUPLICATE_METHOD_MATCH = YES;
				COPY_PHASE_STRIP = NO;
				DEBUG_INFORMATION_FORMAT = dwarf;
				ENABLE_STRICT_OBJC_MSGSEND = YES;
				ENABLE_TESTABILITY = YES;
				GCC_C_LANGUAGE_STANDARD = gnu11;
				GCC_DYNAMIC_NO_PIC = NO;
				GCC_NO_COMMON_BLOCKS = YES;
				GCC_OPTIMIZATION_LEVEL = 0;
				GCC_PREPROCESSOR_DEFINITIONS = (
					"DEBUG=1",
					"$(inherited)",
				);
				GCC_WARN_64_TO_32_BIT_CONVERSION = YES;
				GCC_WARN_ABOUT_RETURN_TYPE = YES_ERROR;
				GCC_WARN_UNDECLARED_SELECTOR = YES;
				GCC_WARN_UNINITIALIZED_AUTOS = YES_AGGRESSIVE;
				GCC_WARN_UNUSED_FUNCTION = YES;
				GCC_WARN_UNUSED_VARIABLE = YES;
				MACOSX_DEPLOYMENT_TARGET = 10.14;
				MTL_ENABLE_DEBUG_INFO = INCLUDE_SOURCE;
				MTL_FAST_MATH = YES;
				ONLY_ACTIVE_ARCH = YES;
				SDKROOT = macosx;
				SWIFT_ACTIVE_COMPILATION_CONDITIONS = DEBUG;
				SWIFT_OPTIMIZATION_LEVEL = "-Onone";
			};
			name = Debug;
		};
		1707AAFF2429F31500337E8C /* Release */ = {
			isa = XCBuildConfiguration;
			buildSettings = {
				ALWAYS_SEARCH_USER_PATHS = NO;
				CLANG_ANALYZER_NONNULL = YES;
				CLANG_ANALYZER_NUMBER_OBJECT_CONVERSION = YES_AGGRESSIVE;
				CLANG_CXX_LANGUAGE_STANDARD = "gnu++14";
				CLANG_CXX_LIBRARY = "libc++";
				CLANG_ENABLE_MODULES = YES;
				CLANG_ENABLE_OBJC_ARC = YES;
				CLANG_ENABLE_OBJC_WEAK = YES;
				CLANG_WARN_BLOCK_CAPTURE_AUTORELEASING = YES;
				CLANG_WARN_BOOL_CONVERSION = YES;
				CLANG_WARN_COMMA = YES;
				CLANG_WARN_CONSTANT_CONVERSION = YES;
				CLANG_WARN_DEPRECATED_OBJC_IMPLEMENTATIONS = YES;
				CLANG_WARN_DIRECT_OBJC_ISA_USAGE = YES_ERROR;
				CLANG_WARN_DOCUMENTATION_COMMENTS = YES;
				CLANG_WARN_EMPTY_BODY = YES;
				CLANG_WARN_ENUM_CONVERSION = YES;
				CLANG_WARN_INFINITE_RECURSION = YES;
				CLANG_WARN_INT_CONVERSION = YES;
				CLANG_WARN_NON_LITERAL_NULL_CONVERSION = YES;
				CLANG_WARN_OBJC_IMPLICIT_RETAIN_SELF = YES;
				CLANG_WARN_OBJC_LITERAL_CONVERSION = YES;
				CLANG_WARN_OBJC_ROOT_CLASS = YES_ERROR;
				CLANG_WARN_RANGE_LOOP_ANALYSIS = YES;
				CLANG_WARN_STRICT_PROTOTYPES = YES;
				CLANG_WARN_SUSPICIOUS_MOVE = YES;
				CLANG_WARN_UNGUARDED_AVAILABILITY = YES_AGGRESSIVE;
				CLANG_WARN_UNREACHABLE_CODE = YES;
				CLANG_WARN__DUPLICATE_METHOD_MATCH = YES;
				COPY_PHASE_STRIP = NO;
				DEBUG_INFORMATION_FORMAT = "dwarf-with-dsym";
				ENABLE_NS_ASSERTIONS = NO;
				ENABLE_STRICT_OBJC_MSGSEND = YES;
				GCC_C_LANGUAGE_STANDARD = gnu11;
				GCC_NO_COMMON_BLOCKS = YES;
				GCC_WARN_64_TO_32_BIT_CONVERSION = YES;
				GCC_WARN_ABOUT_RETURN_TYPE = YES_ERROR;
				GCC_WARN_UNDECLARED_SELECTOR = YES;
				GCC_WARN_UNINITIALIZED_AUTOS = YES_AGGRESSIVE;
				GCC_WARN_UNUSED_FUNCTION = YES;
				GCC_WARN_UNUSED_VARIABLE = YES;
				MACOSX_DEPLOYMENT_TARGET = 10.14;
				MTL_ENABLE_DEBUG_INFO = NO;
				MTL_FAST_MATH = YES;
				SDKROOT = macosx;
				SWIFT_COMPILATION_MODE = wholemodule;
				SWIFT_OPTIMIZATION_LEVEL = "-O";
			};
			name = Release;
		};
		1707AB012429F31500337E8C /* Debug */ = {
			isa = XCBuildConfiguration;
			baseConfigurationReference = BC58ACB1BA370ABFACAAB1E9 /* Pods-AlgorithmPractice.debug.xcconfig */;
			buildSettings = {
				CODE_SIGN_STYLE = Automatic;
				DEVELOPMENT_TEAM = 4SURL4UGYU;
				ENABLE_HARDENED_RUNTIME = YES;
				PRODUCT_NAME = "$(TARGET_NAME)";
				SWIFT_VERSION = 5.0;
			};
			name = Debug;
		};
		1707AB022429F31500337E8C /* Release */ = {
			isa = XCBuildConfiguration;
			baseConfigurationReference = FA1ADEBC9FD99868A143DE10 /* Pods-AlgorithmPractice.release.xcconfig */;
			buildSettings = {
				CODE_SIGN_STYLE = Automatic;
				DEVELOPMENT_TEAM = 4SURL4UGYU;
				ENABLE_HARDENED_RUNTIME = YES;
				PRODUCT_NAME = "$(TARGET_NAME)";
				SWIFT_VERSION = 5.0;
			};
			name = Release;
		};
/* End XCBuildConfiguration section */

/* Begin XCConfigurationList section */
		1707AAF42429F31500337E8C /* Build configuration list for PBXProject "AlgorithmPractice" */ = {
			isa = XCConfigurationList;
			buildConfigurations = (
				1707AAFE2429F31500337E8C /* Debug */,
				1707AAFF2429F31500337E8C /* Release */,
			);
			defaultConfigurationIsVisible = 0;
			defaultConfigurationName = Release;
		};
		1707AB002429F31500337E8C /* Build configuration list for PBXNativeTarget "AlgorithmPractice" */ = {
			isa = XCConfigurationList;
			buildConfigurations = (
				1707AB012429F31500337E8C /* Debug */,
				1707AB022429F31500337E8C /* Release */,
			);
			defaultConfigurationIsVisible = 0;
			defaultConfigurationName = Release;
		};
/* End XCConfigurationList section */
	};
	rootObject = 1707AAF12429F31500337E8C /* Project object */;
}
