// !$*UTF8*$!
{
	archiveVersion = 1;
	classes = {
	};
	objectVersion = 50;
	objects = {

/* Begin PBXBuildFile section */
		1707AAFD2429F31500337E8C /* main.swift in Sources */ = {isa = PBXBuildFile; fileRef = 1707AAFC2429F31500337E8C /* main.swift */; };
		1724AA27251848F2007B2C22 /* LRUCache.swift in Sources */ = {isa = PBXBuildFile; fileRef = 1724AA26251848F2007B2C22 /* LRUCache.swift */; };
		1724AA28251848F2007B2C22 /* LRUCache.swift in Sources */ = {isa = PBXBuildFile; fileRef = 1724AA26251848F2007B2C22 /* LRUCache.swift */; };
		174FF74424D1217100DD1ACB /* ArrayTagsUnitTest.swift in Sources */ = {isa = PBXBuildFile; fileRef = 174FF74324D1217100DD1ACB /* ArrayTagsUnitTest.swift */; };
		174FF74624D12D6F00DD1ACB /* ArrayTags.swift in Sources */ = {isa = PBXBuildFile; fileRef = 174FF74524D12D6F00DD1ACB /* ArrayTags.swift */; };
		174FF74724D12E6200DD1ACB /* ArrayTags.swift in Sources */ = {isa = PBXBuildFile; fileRef = 174FF74524D12D6F00DD1ACB /* ArrayTags.swift */; };
		175E527724F7B28300CE174A /* KnuthMorrisPrattStringSearch.swift in Sources */ = {isa = PBXBuildFile; fileRef = 175E527624F7B28300CE174A /* KnuthMorrisPrattStringSearch.swift */; };
		175E527824F7B28300CE174A /* KnuthMorrisPrattStringSearch.swift in Sources */ = {isa = PBXBuildFile; fileRef = 175E527624F7B28300CE174A /* KnuthMorrisPrattStringSearch.swift */; };
		17B1AE97250CA470000E2EAC /* AdjacencyListGraph.swift in Sources */ = {isa = PBXBuildFile; fileRef = 17B1AE96250CA470000E2EAC /* AdjacencyListGraph.swift */; };
		17B1AE98250CA470000E2EAC /* AdjacencyListGraph.swift in Sources */ = {isa = PBXBuildFile; fileRef = 17B1AE96250CA470000E2EAC /* AdjacencyListGraph.swift */; };
		17B1AE9B250CCDBE000E2EAC /* GraphTags.swift in Sources */ = {isa = PBXBuildFile; fileRef = 17B1AE9A250CCDBE000E2EAC /* GraphTags.swift */; };
		17B1AE9C250CCDBE000E2EAC /* GraphTags.swift in Sources */ = {isa = PBXBuildFile; fileRef = 17B1AE9A250CCDBE000E2EAC /* GraphTags.swift */; };
		17B1AE9E250CCF86000E2EAC /* GraphTagUnitTest.swift in Sources */ = {isa = PBXBuildFile; fileRef = 17B1AE9D250CCF86000E2EAC /* GraphTagUnitTest.swift */; };
		17B77CDF250F7285009985F4 /* ALGOSort.swift in Sources */ = {isa = PBXBuildFile; fileRef = 17B77CDE250F7285009985F4 /* ALGOSort.swift */; };
		17B77CE0250F7285009985F4 /* ALGOSort.swift in Sources */ = {isa = PBXBuildFile; fileRef = 17B77CDE250F7285009985F4 /* ALGOSort.swift */; };
		17B77CE3250F7813009985F4 /* SortTest.swift in Sources */ = {isa = PBXBuildFile; fileRef = 17B77CE2250F7813009985F4 /* SortTest.swift */; };
		17C097C32503939500D527A3 /* LinkedBinaryTree.swift in Sources */ = {isa = PBXBuildFile; fileRef = 17C097C22503939500D527A3 /* LinkedBinaryTree.swift */; };
		17C097C4250396E900D527A3 /* LinkedBinaryTree.swift in Sources */ = {isa = PBXBuildFile; fileRef = 17C097C22503939500D527A3 /* LinkedBinaryTree.swift */; };
		17C097C72503B63500D527A3 /* TreeTags.swift in Sources */ = {isa = PBXBuildFile; fileRef = 17C097C62503B63500D527A3 /* TreeTags.swift */; };
		17C097C82503B63500D527A3 /* TreeTags.swift in Sources */ = {isa = PBXBuildFile; fileRef = 17C097C62503B63500D527A3 /* TreeTags.swift */; };
		17C097CA2503C1A000D527A3 /* NTreeNode.swift in Sources */ = {isa = PBXBuildFile; fileRef = 17C097C92503C1A000D527A3 /* NTreeNode.swift */; };
		17C097CB2503C1A000D527A3 /* NTreeNode.swift in Sources */ = {isa = PBXBuildFile; fileRef = 17C097C92503C1A000D527A3 /* NTreeNode.swift */; };
		17C097CE2503D48900D527A3 /* TreeTagTest.swift in Sources */ = {isa = PBXBuildFile; fileRef = 17C097CD2503D48900D527A3 /* TreeTagTest.swift */; };
		17C5F9B024E28EF70011BF5A /* StackTags.swift in Sources */ = {isa = PBXBuildFile; fileRef = 17C5F9AF24E28EF70011BF5A /* StackTags.swift */; };
		17C5F9B124E28EF70011BF5A /* StackTags.swift in Sources */ = {isa = PBXBuildFile; fileRef = 17C5F9AF24E28EF70011BF5A /* StackTags.swift */; };
		17C5F9B324E295890011BF5A /* StackTagsUnitTest.swift in Sources */ = {isa = PBXBuildFile; fileRef = 17C5F9B224E295890011BF5A /* StackTagsUnitTest.swift */; };
		17C9F18724CADED200A4841F /* SinglyLinkedCircularList.swift in Sources */ = {isa = PBXBuildFile; fileRef = 17C9F18624CADED200A4841F /* SinglyLinkedCircularList.swift */; };
		17C9F18924CAED7900A4841F /* SinglyLinkedCircularListTests.swift in Sources */ = {isa = PBXBuildFile; fileRef = 17C9F18824CAED7900A4841F /* SinglyLinkedCircularListTests.swift */; };
		17C9F18A24CAEDDF00A4841F /* SinglyLinkedCircularList.swift in Sources */ = {isa = PBXBuildFile; fileRef = 17C9F18624CADED200A4841F /* SinglyLinkedCircularList.swift */; };
		17CD140F25022FC70000DB0F /* ArrayBinaryTree.swift in Sources */ = {isa = PBXBuildFile; fileRef = 17CD140E25022FC70000DB0F /* ArrayBinaryTree.swift */; };
		17CD141025022FC70000DB0F /* ArrayBinaryTree.swift in Sources */ = {isa = PBXBuildFile; fileRef = 17CD140E25022FC70000DB0F /* ArrayBinaryTree.swift */; };
		17CEA89C24F6652A0030714B /* BoyerMooreSearch.swift in Sources */ = {isa = PBXBuildFile; fileRef = 17CEA89B24F6652A0030714B /* BoyerMooreSearch.swift */; };
		17CEA89D24F665300030714B /* BoyerMooreSearch.swift in Sources */ = {isa = PBXBuildFile; fileRef = 17CEA89B24F6652A0030714B /* BoyerMooreSearch.swift */; };
		17CF925724D00F0D0042566F /* LinkedListTags.swift in Sources */ = {isa = PBXBuildFile; fileRef = 17CF925624D00F0D0042566F /* LinkedListTags.swift */; };
		17CF925924D00F770042566F /* LinkedListTagsUnitTest.swift in Sources */ = {isa = PBXBuildFile; fileRef = 17CF925824D00F770042566F /* LinkedListTagsUnitTest.swift */; };
		17CF925A24D00FEF0042566F /* LinkedListTags.swift in Sources */ = {isa = PBXBuildFile; fileRef = 17CF925624D00F0D0042566F /* LinkedListTags.swift */; };
		17D1718324ECE0F300F03C8F /* CircleQueue.swift in Sources */ = {isa = PBXBuildFile; fileRef = 17D1718224ECE0F300F03C8F /* CircleQueue.swift */; };
		17D1718424ECE13C00F03C8F /* CircleQueue.swift in Sources */ = {isa = PBXBuildFile; fileRef = 17D1718224ECE0F300F03C8F /* CircleQueue.swift */; };
		17D1718624ED302900F03C8F /* LinkedQueue.swift in Sources */ = {isa = PBXBuildFile; fileRef = 17D1718524ED302900F03C8F /* LinkedQueue.swift */; };
		17D1718724ED302900F03C8F /* LinkedQueue.swift in Sources */ = {isa = PBXBuildFile; fileRef = 17D1718524ED302900F03C8F /* LinkedQueue.swift */; };
		17D753EA24D423280030164A /* RandomNode.swift in Sources */ = {isa = PBXBuildFile; fileRef = 17D753E924D423280030164A /* RandomNode.swift */; };
		17D753EB24D423280030164A /* RandomNode.swift in Sources */ = {isa = PBXBuildFile; fileRef = 17D753E924D423280030164A /* RandomNode.swift */; };
		17DAAA4424C9D1220044856F /* DoublyLinkedList.swift in Sources */ = {isa = PBXBuildFile; fileRef = 17DAAA4324C9D1220044856F /* DoublyLinkedList.swift */; };
		17EA3BB3250BC68D003D7F81 /* AbstractGraph.swift in Sources */ = {isa = PBXBuildFile; fileRef = 17EA3BB2250BC68D003D7F81 /* AbstractGraph.swift */; };
		17EA3BB4250BC68D003D7F81 /* AbstractGraph.swift in Sources */ = {isa = PBXBuildFile; fileRef = 17EA3BB2250BC68D003D7F81 /* AbstractGraph.swift */; };
		17EA3BB6250BCB79003D7F81 /* Edge.swift in Sources */ = {isa = PBXBuildFile; fileRef = 17EA3BB5250BCB79003D7F81 /* Edge.swift */; };
		17EA3BB7250BCB79003D7F81 /* Edge.swift in Sources */ = {isa = PBXBuildFile; fileRef = 17EA3BB5250BCB79003D7F81 /* Edge.swift */; };
		17EBDE72250BB66F0054434B /* AdjacencyMatrixGraph.swift in Sources */ = {isa = PBXBuildFile; fileRef = 17EBDE71250BB66F0054434B /* AdjacencyMatrixGraph.swift */; };
		17EBDE73250BB66F0054434B /* AdjacencyMatrixGraph.swift in Sources */ = {isa = PBXBuildFile; fileRef = 17EBDE71250BB66F0054434B /* AdjacencyMatrixGraph.swift */; };
		17EBDE75250BC41D0054434B /* Vertex.swift in Sources */ = {isa = PBXBuildFile; fileRef = 17EBDE74250BC41D0054434B /* Vertex.swift */; };
		17EBDE76250BC41D0054434B /* Vertex.swift in Sources */ = {isa = PBXBuildFile; fileRef = 17EBDE74250BC41D0054434B /* Vertex.swift */; };
		17F8F863245EE14800846C43 /* AlgorithmPracticeUnitTest.swift in Sources */ = {isa = PBXBuildFile; fileRef = 17F8F862245EE14800846C43 /* AlgorithmPracticeUnitTest.swift */; };
		17FA628E24EA6D2A00D19873 /* ClimbingStarsUnitTest.swift in Sources */ = {isa = PBXBuildFile; fileRef = 17FA628D24EA6D2A00D19873 /* ClimbingStarsUnitTest.swift */; };
		4FEE4AF12AE42F0EF10A612E /* libPods-AlgorithmPractice.a in Frameworks */ = {isa = PBXBuildFile; fileRef = 5B0DB78E2DA4D3820329A09E /* libPods-AlgorithmPractice.a */; };
		557720051CA0163E8CF382B2 /* GenerateParenthesis.swift in Sources */ = {isa = PBXBuildFile; fileRef = 55772977CE07DA080E0A8A7D /* GenerateParenthesis.swift */; };
		5577204D04E83B778E378A3C /* ReverseList.swift in Sources */ = {isa = PBXBuildFile; fileRef = 55772BE305DC3830F70E953B /* ReverseList.swift */; };
		5577207955641161420915D3 /* MovieZeros.swift in Sources */ = {isa = PBXBuildFile; fileRef = 5577227B410434B938117F37 /* MovieZeros.swift */; };
		557720959948ABC63FC1DF61 /* IntervalMerge.swift in Sources */ = {isa = PBXBuildFile; fileRef = 5577271278F5D0FE72CBD488 /* IntervalMerge.swift */; };
		557720B781538D01A1804920 /* MyCircularDeque.swift in Sources */ = {isa = PBXBuildFile; fileRef = 55772EAABE36929A9006CB0E /* MyCircularDeque.swift */; };
		557720C5F4B0D628AC40D91F /* ValidateBinarySearchTree.swift in Sources */ = {isa = PBXBuildFile; fileRef = 557727F4F6FA1E255CE6F1A3 /* ValidateBinarySearchTree.swift */; };
		557720CDC6587E688F8931DB /* MaximumDepthOfBinaryTree.swift in Sources */ = {isa = PBXBuildFile; fileRef = 557728E717944C01A72A27E1 /* MaximumDepthOfBinaryTree.swift */; };
		55772110817E5CBB66DB6DA3 /* ReverseKGroupList.swift in Sources */ = {isa = PBXBuildFile; fileRef = 5577206F608090B441B2BE9E /* ReverseKGroupList.swift */; };
		5577213473CCAAA30F66B4AD /* ValidateBinarySearchTree.swift in Sources */ = {isa = PBXBuildFile; fileRef = 557727F4F6FA1E255CE6F1A3 /* ValidateBinarySearchTree.swift */; };
		557721720B541D4CAE52FEE0 /* SearchInRotatedSortedArray.swift in Sources */ = {isa = PBXBuildFile; fileRef = 55772CE0171117396E6065D7 /* SearchInRotatedSortedArray.swift */; };
		557721772DC69F8A53A5B608 /* MaxWaterArea.swift in Sources */ = {isa = PBXBuildFile; fileRef = 5577286D1096EF5FA05882E1 /* MaxWaterArea.swift */; };
		55772190FF4890DA7AA087F4 /* RabinKarpSearch.swift in Sources */ = {isa = PBXBuildFile; fileRef = 55772A692D1175BCB05B03AA /* RabinKarpSearch.swift */; };
		557721987C384B1F5A0EDC98 /* Sqrtx.swift in Sources */ = {isa = PBXBuildFile; fileRef = 5577207A53388873D630B665 /* Sqrtx.swift */; };
		557721ADB6EBFEF7A06E3427 /* ConvertSortedArrayToBinarySearchTree.swift in Sources */ = {isa = PBXBuildFile; fileRef = 55772C7A42171521D82D54A0 /* ConvertSortedArrayToBinarySearchTree.swift */; };
		557721C76E1D4996262528BE /* ListNode.swift in Sources */ = {isa = PBXBuildFile; fileRef = 55772D3B7403B06E230D300B /* ListNode.swift */; };
		557721DD4CF6956EDC2D9B76 /* PostorderNTree.swift in Sources */ = {isa = PBXBuildFile; fileRef = 55772D91D8BFDDAFBF2B8674 /* PostorderNTree.swift */; };
		5577223F2DD454DE00159DEF /* SequenceList.swift in Sources */ = {isa = PBXBuildFile; fileRef = 557725EC9B9EE165102BC075 /* SequenceList.swift */; };
		5577226B379BF06F2C5CC52C /* NTreeLevelorderTraversal.swift in Sources */ = {isa = PBXBuildFile; fileRef = 557721D1696D5FCF8F847964 /* NTreeLevelorderTraversal.swift */; };
		5577226C063F109D98BF77CA /* Deque.swift in Sources */ = {isa = PBXBuildFile; fileRef = 557723C0F402CFF8139CBDCE /* Deque.swift */; };
		557722BC83BD5C4093BD162E /* IntervalMerge.swift in Sources */ = {isa = PBXBuildFile; fileRef = 5577271278F5D0FE72CBD488 /* IntervalMerge.swift */; };
		557722C9BD7649D992024BA9 /* TwoSum.swift in Sources */ = {isa = PBXBuildFile; fileRef = 557723A1FA792A5345E3DD05 /* TwoSum.swift */; };
		557722F97AA3A26C00784277 /* GenerateParenthesis.swift in Sources */ = {isa = PBXBuildFile; fileRef = 55772977CE07DA080E0A8A7D /* GenerateParenthesis.swift */; };
		55772326B3211FA032BE9BD3 /* RotateArray.swift in Sources */ = {isa = PBXBuildFile; fileRef = 55772F5A968D3FFF534A4997 /* RotateArray.swift */; };
		5577232B97585574E9714DE8 /* ClimbingStars.swift in Sources */ = {isa = PBXBuildFile; fileRef = 55772840A7FABA1BC4BBC819 /* ClimbingStars.swift */; };
		557723507BB1680093B9C2D6 /* RabinKarpSearch.swift in Sources */ = {isa = PBXBuildFile; fileRef = 55772A692D1175BCB05B03AA /* RabinKarpSearch.swift */; };
		557723C51C2BC657404D429A /* ClassNameHelper.swift in Sources */ = {isa = PBXBuildFile; fileRef = 5577293BB9B1D669D4C94246 /* ClassNameHelper.swift */; };
		557723D4875C4603A9E80266 /* MinimumDepthOfBinaryTree.swift in Sources */ = {isa = PBXBuildFile; fileRef = 55772F5B414AFA55913B330E /* MinimumDepthOfBinaryTree.swift */; };
		557723DD1F89D81DF7A8DA98 /* BruteForceStringSearch.swift in Sources */ = {isa = PBXBuildFile; fileRef = 55772428D67C20270A4E1B7F /* BruteForceStringSearch.swift */; };
		557723E5AB3AE418B867BA15 /* WasToChange.swift in Sources */ = {isa = PBXBuildFile; fileRef = 557727D27A717E06BB20B611 /* WasToChange.swift */; };
		5577240D022B8EAFE5CA6678 /* HasCycle2.swift in Sources */ = {isa = PBXBuildFile; fileRef = 557726F3FB5B0226A85B6BB4 /* HasCycle2.swift */; };
		55772432F09D6F4AC6F613A5 /* MaxSlidingWindow.swift in Sources */ = {isa = PBXBuildFile; fileRef = 55772CC2ECA6424774AD3A1A /* MaxSlidingWindow.swift */; };
		5577246947DD4039DAB41C0F /* NTreeLevelorderTraversal.swift in Sources */ = {isa = PBXBuildFile; fileRef = 557721D1696D5FCF8F847964 /* NTreeLevelorderTraversal.swift */; };
		5577249604E454D5C404B3BC /* HasCycle2.swift in Sources */ = {isa = PBXBuildFile; fileRef = 557726F3FB5B0226A85B6BB4 /* HasCycle2.swift */; };
		557724C7207E979C689E02F2 /* NumberReverse.swift in Sources */ = {isa = PBXBuildFile; fileRef = 55772EF36D20076A0FFD5618 /* NumberReverse.swift */; };
		557724EAACC8CC578FE8DE8B /* RotateArray.swift in Sources */ = {isa = PBXBuildFile; fileRef = 55772F5A968D3FFF534A4997 /* RotateArray.swift */; };
		557725418A0A01A6CDFE4861 /* BracketsIsValid.swift in Sources */ = {isa = PBXBuildFile; fileRef = 55772463659835B0B4DD8EFD /* BracketsIsValid.swift */; };
		55772547634E508F224E28FC /* ThreeSum.swift in Sources */ = {isa = PBXBuildFile; fileRef = 55772C7CBE143426210541A7 /* ThreeSum.swift */; };
		55772552238644BC92AC2FEB /* GetMaxRepetitions.swift in Sources */ = {isa = PBXBuildFile; fileRef = 55772CA790731FF08B2F6670 /* GetMaxRepetitions.swift */; };
		55772567355BE9728266D428 /* SerializeAndDeserializeBinaryTree.swift in Sources */ = {isa = PBXBuildFile; fileRef = 557723888B6D75B72929F456 /* SerializeAndDeserializeBinaryTree.swift */; };
		55772570973920F3436630D0 /* InorderTraversal.swift in Sources */ = {isa = PBXBuildFile; fileRef = 557727C3DAA11066711F49C6 /* InorderTraversal.swift */; };
		557725A29048E48C75F1CACA /* PreorderTraversal.swift in Sources */ = {isa = PBXBuildFile; fileRef = 557723F6D81FA76290A14B09 /* PreorderTraversal.swift */; };
		557725AE2852DE5D22FBF96E /* BinaryTreeNode.swift in Sources */ = {isa = PBXBuildFile; fileRef = 5577209361C5C386C1056403 /* BinaryTreeNode.swift */; };
		557725AE71C8648DD8B5EB9C /* WordIsAnagram.swift in Sources */ = {isa = PBXBuildFile; fileRef = 55772D2D60EF8272F5144329 /* WordIsAnagram.swift */; };
		557725C18485BCE1F1FD1EC5 /* NumberOfSubarrays.swift in Sources */ = {isa = PBXBuildFile; fileRef = 55772503A5259DC17FC72702 /* NumberOfSubarrays.swift */; };
		557725F2956C3EBF438CF00B /* ReverseKGroupList.swift in Sources */ = {isa = PBXBuildFile; fileRef = 5577206F608090B441B2BE9E /* ReverseKGroupList.swift */; };
		5577267E8B9600CCFC4982A5 /* GetMaxRepetitions.swift in Sources */ = {isa = PBXBuildFile; fileRef = 55772CA790731FF08B2F6670 /* GetMaxRepetitions.swift */; };
		55772686C8FFF482037AE528 /* TreeNode.swift in Sources */ = {isa = PBXBuildFile; fileRef = 55772CDB8D465C85BAEFBD42 /* TreeNode.swift */; };
		5577269E8BC32DF84615C716 /* Sqrtx.swift in Sources */ = {isa = PBXBuildFile; fileRef = 5577207A53388873D630B665 /* Sqrtx.swift */; };
		557726DBB9F097E75A4F461B /* Deque.swift in Sources */ = {isa = PBXBuildFile; fileRef = 557723C0F402CFF8139CBDCE /* Deque.swift */; };
		557726E19E7A842BFC3B0955 /* SingleNumber.swift in Sources */ = {isa = PBXBuildFile; fileRef = 55772934399DDD497A39BED7 /* SingleNumber.swift */; };
		557726E9D84C34B1067CC0E9 /* MergeTwoSortedLists.swift in Sources */ = {isa = PBXBuildFile; fileRef = 557727246A0929AA9321E85B /* MergeTwoSortedLists.swift */; };
		557726EB965C2F9F6F42DF3A /* main.swift in Sources */ = {isa = PBXBuildFile; fileRef = 1707AAFC2429F31500337E8C /* main.swift */; };
		557726FC46A7B9121D9310A1 /* SubtreeOfAnotherTree.swift in Sources */ = {isa = PBXBuildFile; fileRef = 557723E3A2263C3AF8742FD6 /* SubtreeOfAnotherTree.swift */; };
		5577273F52859EF2BCBA5AB5 /* LengthOfLargestSubstring.swift in Sources */ = {isa = PBXBuildFile; fileRef = 5577285785DCD6260F5F3B8F /* LengthOfLargestSubstring.swift */; };
		55772778A2AB5100F578DDEB /* JumpGameIi.swift in Sources */ = {isa = PBXBuildFile; fileRef = 557726DDA623A560183A2916 /* JumpGameIi.swift */; };
		5577277B8CFBEC322FA05F9F /* TwoSum.swift in Sources */ = {isa = PBXBuildFile; fileRef = 557723A1FA792A5345E3DD05 /* TwoSum.swift */; };
		557727B656A2EC253ABAEA8F /* MaxSlidingWindow.swift in Sources */ = {isa = PBXBuildFile; fileRef = 55772CC2ECA6424774AD3A1A /* MaxSlidingWindow.swift */; };
		557727C2416E664F38451F75 /* BruteForceStringSearch.swift in Sources */ = {isa = PBXBuildFile; fileRef = 55772428D67C20270A4E1B7F /* BruteForceStringSearch.swift */; };
		557727CF83AB5654C7069F1B /* PostorderNTree.swift in Sources */ = {isa = PBXBuildFile; fileRef = 55772D91D8BFDDAFBF2B8674 /* PostorderNTree.swift */; };
		557727DDF004A3F7DAFD9F95 /* SwapPairs.swift in Sources */ = {isa = PBXBuildFile; fileRef = 5577203171F1EF78853F19E3 /* SwapPairs.swift */; };
		55772813EC39030A5A52C98A /* ShuZuZhongShuZiChuXianDeCiShuLcof.swift in Sources */ = {isa = PBXBuildFile; fileRef = 55772E4C18D10513AF3EF256 /* ShuZuZhongShuZiChuXianDeCiShuLcof.swift */; };
		5577285701F651CBAA8A5B53 /* InvertTree.swift in Sources */ = {isa = PBXBuildFile; fileRef = 55772F923AA6ECECE30923A1 /* InvertTree.swift */; };
		5577286645290F70A8CA4AF9 /* BinaryTreeNode.swift in Sources */ = {isa = PBXBuildFile; fileRef = 5577209361C5C386C1056403 /* BinaryTreeNode.swift */; };
		5577289FC71C01C727DB53E3 /* GroupAnagrams.swift in Sources */ = {isa = PBXBuildFile; fileRef = 557727AD775CC2541C1B0EB0 /* GroupAnagrams.swift */; };
		557728B9D6E66440AB67EBBC /* PostorderTraversal.swift in Sources */ = {isa = PBXBuildFile; fileRef = 5577285A6C01A26318BEDC6E /* PostorderTraversal.swift */; };
		557728ED24DBB37FF8DB070C /* PlusOne.swift in Sources */ = {isa = PBXBuildFile; fileRef = 55772C54D5B2FEF16CEF1C75 /* PlusOne.swift */; };
		5577292E57C53DBBCBFDE90E /* ALGOHelper.swift in Sources */ = {isa = PBXBuildFile; fileRef = 557722E1758DC8812058BD97 /* ALGOHelper.swift */; };
		55772937AFBAB95D90BA3DB1 /* LargestRectangleArea.swift in Sources */ = {isa = PBXBuildFile; fileRef = 557729B3A32CBE705DB1425C /* LargestRectangleArea.swift */; };
		5577294A57137504AF2A8D6F /* InorderTraversal.swift in Sources */ = {isa = PBXBuildFile; fileRef = 557727C3DAA11066711F49C6 /* InorderTraversal.swift */; };
		55772985AC5C79EBD1EBEF2B /* MaximumDepthOfBinaryTree.swift in Sources */ = {isa = PBXBuildFile; fileRef = 557728E717944C01A72A27E1 /* MaximumDepthOfBinaryTree.swift */; };
		557729EB3DC8B6698389778B /* SortedArrayMerge.swift in Sources */ = {isa = PBXBuildFile; fileRef = 557727AB5A795902526F0E62 /* SortedArrayMerge.swift */; };
		55772A0FDA09D9F2CEBD8C23 /* ConvertSortedArrayToBinarySearchTree.swift in Sources */ = {isa = PBXBuildFile; fileRef = 55772C7A42171521D82D54A0 /* ConvertSortedArrayToBinarySearchTree.swift */; };
		55772A128790069599F387D8 /* WasToChange.swift in Sources */ = {isa = PBXBuildFile; fileRef = 557727D27A717E06BB20B611 /* WasToChange.swift */; };
		55772A18E4E355C85E2980C7 /* ReverseList.swift in Sources */ = {isa = PBXBuildFile; fileRef = 55772BE305DC3830F70E953B /* ReverseList.swift */; };
		55772A24B040FCACC146581C /* SubtreeOfAnotherTree.swift in Sources */ = {isa = PBXBuildFile; fileRef = 557723E3A2263C3AF8742FD6 /* SubtreeOfAnotherTree.swift */; };
		55772A462CAD8BC74176D3CB /* BracketsIsValid.swift in Sources */ = {isa = PBXBuildFile; fileRef = 55772463659835B0B4DD8EFD /* BracketsIsValid.swift */; };
		55772A4843C17ADFE56C4413 /* RightSideView.swift in Sources */ = {isa = PBXBuildFile; fileRef = 55772DEE222C4229E76D7F80 /* RightSideView.swift */; };
		55772A6DF129F5563E9CCF86 /* LargestRectangleArea.swift in Sources */ = {isa = PBXBuildFile; fileRef = 557729B3A32CBE705DB1425C /* LargestRectangleArea.swift */; };
		55772A7100B235269ABF39BB /* HappyNumber.swift in Sources */ = {isa = PBXBuildFile; fileRef = 55772C0A566E8AFC9A8ED053 /* HappyNumber.swift */; };
		55772A71E5D007BAE0B4A721 /* PostorderTraversal.swift in Sources */ = {isa = PBXBuildFile; fileRef = 5577285A6C01A26318BEDC6E /* PostorderTraversal.swift */; };
		55772A7F74D602DE681E0980 /* CanJump.swift in Sources */ = {isa = PBXBuildFile; fileRef = 55772A963189930FA6E0CE63 /* CanJump.swift */; };
		55772A89286B69B35A7CEC29 /* TreeNode.swift in Sources */ = {isa = PBXBuildFile; fileRef = 55772CDB8D465C85BAEFBD42 /* TreeNode.swift */; };
		55772AAA3333FDBEE8B11DF2 /* JumpGameIi.swift in Sources */ = {isa = PBXBuildFile; fileRef = 557726DDA623A560183A2916 /* JumpGameIi.swift */; };
		55772AF1F4B503CDEE050056 /* TrappingRainWater.swift in Sources */ = {isa = PBXBuildFile; fileRef = 55772C2D14E35A72C5B3690C /* TrappingRainWater.swift */; };
		55772B21F62F7188B23BA1B9 /* MaximumSubarray.swift in Sources */ = {isa = PBXBuildFile; fileRef = 557725004200D226EE800452 /* MaximumSubarray.swift */; };
		55772B2DE2D9627576B0070D /* NumIslands.swift in Sources */ = {isa = PBXBuildFile; fileRef = 55772FD9C13F5052B3438189 /* NumIslands.swift */; };
		55772B479116108788C17FD2 /* RightSideView.swift in Sources */ = {isa = PBXBuildFile; fileRef = 55772DEE222C4229E76D7F80 /* RightSideView.swift */; };
		55772B615A8F4AC992B699A0 /* PreorderTraversal.swift in Sources */ = {isa = PBXBuildFile; fileRef = 557723F6D81FA76290A14B09 /* PreorderTraversal.swift */; };
		55772B713469EC40C6874A83 /* LongestSubstringWithoutRepeatingCharacters.swift in Sources */ = {isa = PBXBuildFile; fileRef = 55772505CAE8BA6DECA72BEB /* LongestSubstringWithoutRepeatingCharacters.swift */; };
		55772B7747F2E6DCDC07A015 /* ThreeSum.swift in Sources */ = {isa = PBXBuildFile; fileRef = 55772C7CBE143426210541A7 /* ThreeSum.swift */; };
		55772B92EBD3B56B2160CFE1 /* PlusOne.swift in Sources */ = {isa = PBXBuildFile; fileRef = 55772C54D5B2FEF16CEF1C75 /* PlusOne.swift */; };
		55772BC972EAFD6911A1F273 /* ListNode.swift in Sources */ = {isa = PBXBuildFile; fileRef = 55772D3B7403B06E230D300B /* ListNode.swift */; };
		55772BD18E36716A6B4505E6 /* SerializeAndDeserializeBinaryTree.swift in Sources */ = {isa = PBXBuildFile; fileRef = 557723888B6D75B72929F456 /* SerializeAndDeserializeBinaryTree.swift */; };
		55772BDFC27CCB85C100C080 /* ClimbingStars.swift in Sources */ = {isa = PBXBuildFile; fileRef = 55772840A7FABA1BC4BBC819 /* ClimbingStars.swift */; };
		55772BE907D0CD777B9111D1 /* SortedArrayMerge.swift in Sources */ = {isa = PBXBuildFile; fileRef = 557727AB5A795902526F0E62 /* SortedArrayMerge.swift */; };
		55772C2516676197C52658C5 /* Stack.swift in Sources */ = {isa = PBXBuildFile; fileRef = 55772C05DBCD965232AB25D7 /* Stack.swift */; };
		55772C652D33612C2112EC54 /* MovieZeros.swift in Sources */ = {isa = PBXBuildFile; fileRef = 5577227B410434B938117F37 /* MovieZeros.swift */; };
		55772C9038BC10C77A083D3D /* MaximumSubarray.swift in Sources */ = {isa = PBXBuildFile; fileRef = 557725004200D226EE800452 /* MaximumSubarray.swift */; };
		55772CA76E6552755A5305CC /* MaxWaterArea.swift in Sources */ = {isa = PBXBuildFile; fileRef = 5577286D1096EF5FA05882E1 /* MaxWaterArea.swift */; };
		55772CA88F14B716E1433A47 /* RemoveDuplicates.swift in Sources */ = {isa = PBXBuildFile; fileRef = 55772E1405A3149272E312B7 /* RemoveDuplicates.swift */; };
		55772CC165AD65B663424E9B /* MergeTwoSortedLists.swift in Sources */ = {isa = PBXBuildFile; fileRef = 557727246A0929AA9321E85B /* MergeTwoSortedLists.swift */; };
		55772CC5A1D5C4868EA4DF8B /* InvertTree.swift in Sources */ = {isa = PBXBuildFile; fileRef = 55772F923AA6ECECE30923A1 /* InvertTree.swift */; };
		55772CD17FD2AE08EF388A1B /* SwapPairs.swift in Sources */ = {isa = PBXBuildFile; fileRef = 5577203171F1EF78853F19E3 /* SwapPairs.swift */; };
		55772D1237F6EDE652C48AB0 /* MinimumDepthOfBinaryTree.swift in Sources */ = {isa = PBXBuildFile; fileRef = 55772F5B414AFA55913B330E /* MinimumDepthOfBinaryTree.swift */; };
		55772D2F76FE0A3FBB83D4EF /* TrappingRainWater.swift in Sources */ = {isa = PBXBuildFile; fileRef = 55772C2D14E35A72C5B3690C /* TrappingRainWater.swift */; };
		55772D4D9F1060EAFD8BAF7A /* ShuZuZhongShuZiChuXianDeCiShuLcof.swift in Sources */ = {isa = PBXBuildFile; fileRef = 55772E4C18D10513AF3EF256 /* ShuZuZhongShuZiChuXianDeCiShuLcof.swift */; };
		55772D4FA5332CE5B64E9B6D /* SameTree.swift in Sources */ = {isa = PBXBuildFile; fileRef = 55772ECBD3D74502CFBDB611 /* SameTree.swift */; };
		55772D7B1954D441419C05B0 /* RemoveDuplicates.swift in Sources */ = {isa = PBXBuildFile; fileRef = 55772E1405A3149272E312B7 /* RemoveDuplicates.swift */; };
		55772D7BC544B49CEB4F6ED4 /* HasCycle.swift in Sources */ = {isa = PBXBuildFile; fileRef = 55772787F464CAFB8CD45A6C /* HasCycle.swift */; };
		55772D7CE8CE6039F80CF5CC /* BSTTraversal.swift in Sources */ = {isa = PBXBuildFile; fileRef = 55772A0013038C8C18969FC4 /* BSTTraversal.swift */; };
		55772D83C1661CA6E6E1E601 /* GroupAnagrams.swift in Sources */ = {isa = PBXBuildFile; fileRef = 557727AD775CC2541C1B0EB0 /* GroupAnagrams.swift */; };
		55772DA50FF38718E5BAD9C4 /* SequenceList.swift in Sources */ = {isa = PBXBuildFile; fileRef = 557725EC9B9EE165102BC075 /* SequenceList.swift */; };
		55772DAE14C0AEDA9D55DC58 /* BSTTraversal.swift in Sources */ = {isa = PBXBuildFile; fileRef = 55772A0013038C8C18969FC4 /* BSTTraversal.swift */; };
		55772DCB0E5E328F484DBEF6 /* HasCycle.swift in Sources */ = {isa = PBXBuildFile; fileRef = 55772787F464CAFB8CD45A6C /* HasCycle.swift */; };
		55772DD71E6C84F933C21563 /* SingleNumber.swift in Sources */ = {isa = PBXBuildFile; fileRef = 55772934399DDD497A39BED7 /* SingleNumber.swift */; };
		55772E43C94EE475877DADC9 /* TestDSString.swift in Sources */ = {isa = PBXBuildFile; fileRef = 55772F4EEF623303B543AF0A /* TestDSString.swift */; };
		55772E95C7AE71FD83B1C50B /* SearchInRotatedSortedArray.swift in Sources */ = {isa = PBXBuildFile; fileRef = 55772CE0171117396E6065D7 /* SearchInRotatedSortedArray.swift */; };
		55772EA8C8D937C192DB3141 /* LengthOfLargestSubstring.swift in Sources */ = {isa = PBXBuildFile; fileRef = 5577285785DCD6260F5F3B8F /* LengthOfLargestSubstring.swift */; };
		55772ED61E21A4CEAF97FE2F /* LongestSubstringWithoutRepeatingCharacters.swift in Sources */ = {isa = PBXBuildFile; fileRef = 55772505CAE8BA6DECA72BEB /* LongestSubstringWithoutRepeatingCharacters.swift */; };
		55772EF0FDF534C4E6457C66 /* Stack.swift in Sources */ = {isa = PBXBuildFile; fileRef = 55772C05DBCD965232AB25D7 /* Stack.swift */; };
		55772F52B4DF1AAA35A38C30 /* MyCircularDeque.swift in Sources */ = {isa = PBXBuildFile; fileRef = 55772EAABE36929A9006CB0E /* MyCircularDeque.swift */; };
		55772F5E3E68CA237019BDBB /* NumIslands.swift in Sources */ = {isa = PBXBuildFile; fileRef = 55772FD9C13F5052B3438189 /* NumIslands.swift */; };
		55772F60A505BBEFE63209F3 /* NumberOfSubarrays.swift in Sources */ = {isa = PBXBuildFile; fileRef = 55772503A5259DC17FC72702 /* NumberOfSubarrays.swift */; };
		55772F8E56522D4DEAD82803 /* HappyNumber.swift in Sources */ = {isa = PBXBuildFile; fileRef = 55772C0A566E8AFC9A8ED053 /* HappyNumber.swift */; };
		55772F9695315F886D93BDC6 /* SameTree.swift in Sources */ = {isa = PBXBuildFile; fileRef = 55772ECBD3D74502CFBDB611 /* SameTree.swift */; };
		55772FA892CF2CE41C933715 /* WordIsAnagram.swift in Sources */ = {isa = PBXBuildFile; fileRef = 55772D2D60EF8272F5144329 /* WordIsAnagram.swift */; };
		55772FB34248255BC798722B /* NumberReverse.swift in Sources */ = {isa = PBXBuildFile; fileRef = 55772EF36D20076A0FFD5618 /* NumberReverse.swift */; };
		55772FBAFCD303B966B0AB30 /* CanJump.swift in Sources */ = {isa = PBXBuildFile; fileRef = 55772A963189930FA6E0CE63 /* CanJump.swift */; };
		55772FBF3A7F8B87818A8CC3 /* ClassNameHelper.swift in Sources */ = {isa = PBXBuildFile; fileRef = 5577293BB9B1D669D4C94246 /* ClassNameHelper.swift */; };
		758DB7288E0CD5AFBEC2D2F5 /* libPods-AlgorithmPracticeUnitTest.a in Frameworks */ = {isa = PBXBuildFile; fileRef = 2CEEA722C420B80AD48F54AF /* libPods-AlgorithmPracticeUnitTest.a */; };
/* End PBXBuildFile section */

/* Begin PBXCopyFilesBuildPhase section */
		1707AAF72429F31500337E8C /* CopyFiles */ = {
			isa = PBXCopyFilesBuildPhase;
			buildActionMask = 2147483647;
			dstPath = /usr/share/man/man1/;
			dstSubfolderSpec = 0;
			files = (
			);
			runOnlyForDeploymentPostprocessing = 1;
		};
/* End PBXCopyFilesBuildPhase section */

/* Begin PBXFileReference section */
		1707AAF92429F31500337E8C /* AlgorithmPractice */ = {isa = PBXFileReference; explicitFileType = "compiled.mach-o.executable"; includeInIndex = 0; path = AlgorithmPractice; sourceTree = BUILT_PRODUCTS_DIR; };
		1707AAFC2429F31500337E8C /* main.swift */ = {isa = PBXFileReference; lastKnownFileType = sourcecode.swift; path = main.swift; sourceTree = "<group>"; };
		1724AA26251848F2007B2C22 /* LRUCache.swift */ = {isa = PBXFileReference; lastKnownFileType = sourcecode.swift; path = LRUCache.swift; sourceTree = "<group>"; };
		172F93EE243C524000032DFE /* AlgorithmPractice-Bridging-Header.h */ = {isa = PBXFileReference; lastKnownFileType = sourcecode.c.h; path = "AlgorithmPractice-Bridging-Header.h"; sourceTree = "<group>"; };
		174FF74324D1217100DD1ACB /* ArrayTagsUnitTest.swift */ = {isa = PBXFileReference; lastKnownFileType = sourcecode.swift; path = ArrayTagsUnitTest.swift; sourceTree = "<group>"; };
		174FF74524D12D6F00DD1ACB /* ArrayTags.swift */ = {isa = PBXFileReference; lastKnownFileType = sourcecode.swift; path = ArrayTags.swift; sourceTree = "<group>"; };
		175E527624F7B28300CE174A /* KnuthMorrisPrattStringSearch.swift */ = {isa = PBXFileReference; lastKnownFileType = sourcecode.swift; path = KnuthMorrisPrattStringSearch.swift; sourceTree = "<group>"; };
		17B1AE96250CA470000E2EAC /* AdjacencyListGraph.swift */ = {isa = PBXFileReference; lastKnownFileType = sourcecode.swift; path = AdjacencyListGraph.swift; sourceTree = "<group>"; };
		17B1AE9A250CCDBE000E2EAC /* GraphTags.swift */ = {isa = PBXFileReference; lastKnownFileType = sourcecode.swift; path = GraphTags.swift; sourceTree = "<group>"; };
		17B1AE9D250CCF86000E2EAC /* GraphTagUnitTest.swift */ = {isa = PBXFileReference; lastKnownFileType = sourcecode.swift; path = GraphTagUnitTest.swift; sourceTree = "<group>"; };
		17B77CDE250F7285009985F4 /* ALGOSort.swift */ = {isa = PBXFileReference; lastKnownFileType = sourcecode.swift; path = ALGOSort.swift; sourceTree = "<group>"; };
		17B77CE2250F7813009985F4 /* SortTest.swift */ = {isa = PBXFileReference; lastKnownFileType = sourcecode.swift; path = SortTest.swift; sourceTree = "<group>"; };
		17C097C22503939500D527A3 /* LinkedBinaryTree.swift */ = {isa = PBXFileReference; lastKnownFileType = sourcecode.swift; path = LinkedBinaryTree.swift; sourceTree = "<group>"; };
		17C097C62503B63500D527A3 /* TreeTags.swift */ = {isa = PBXFileReference; lastKnownFileType = sourcecode.swift; path = TreeTags.swift; sourceTree = "<group>"; };
		17C097C92503C1A000D527A3 /* NTreeNode.swift */ = {isa = PBXFileReference; lastKnownFileType = sourcecode.swift; path = NTreeNode.swift; sourceTree = "<group>"; };
		17C097CD2503D48900D527A3 /* TreeTagTest.swift */ = {isa = PBXFileReference; lastKnownFileType = sourcecode.swift; path = TreeTagTest.swift; sourceTree = "<group>"; };
		17C5F9AF24E28EF70011BF5A /* StackTags.swift */ = {isa = PBXFileReference; lastKnownFileType = sourcecode.swift; path = StackTags.swift; sourceTree = "<group>"; };
		17C5F9B224E295890011BF5A /* StackTagsUnitTest.swift */ = {isa = PBXFileReference; lastKnownFileType = sourcecode.swift; path = StackTagsUnitTest.swift; sourceTree = "<group>"; };
		17C9F18624CADED200A4841F /* SinglyLinkedCircularList.swift */ = {isa = PBXFileReference; lastKnownFileType = sourcecode.swift; path = SinglyLinkedCircularList.swift; sourceTree = "<group>"; };
		17C9F18824CAED7900A4841F /* SinglyLinkedCircularListTests.swift */ = {isa = PBXFileReference; lastKnownFileType = sourcecode.swift; path = SinglyLinkedCircularListTests.swift; sourceTree = "<group>"; };
		17CD140E25022FC70000DB0F /* ArrayBinaryTree.swift */ = {isa = PBXFileReference; lastKnownFileType = sourcecode.swift; path = ArrayBinaryTree.swift; sourceTree = "<group>"; };
		17CEA89B24F6652A0030714B /* BoyerMooreSearch.swift */ = {isa = PBXFileReference; lastKnownFileType = sourcecode.swift; path = BoyerMooreSearch.swift; sourceTree = "<group>"; };
		17CF925624D00F0D0042566F /* LinkedListTags.swift */ = {isa = PBXFileReference; lastKnownFileType = sourcecode.swift; path = LinkedListTags.swift; sourceTree = "<group>"; };
		17CF925824D00F770042566F /* LinkedListTagsUnitTest.swift */ = {isa = PBXFileReference; lastKnownFileType = sourcecode.swift; path = LinkedListTagsUnitTest.swift; sourceTree = "<group>"; };
		17D1718224ECE0F300F03C8F /* CircleQueue.swift */ = {isa = PBXFileReference; lastKnownFileType = sourcecode.swift; path = CircleQueue.swift; sourceTree = "<group>"; };
		17D1718524ED302900F03C8F /* LinkedQueue.swift */ = {isa = PBXFileReference; lastKnownFileType = sourcecode.swift; path = LinkedQueue.swift; sourceTree = "<group>"; };
		17D753E924D423280030164A /* RandomNode.swift */ = {isa = PBXFileReference; lastKnownFileType = sourcecode.swift; path = RandomNode.swift; sourceTree = "<group>"; };
		17DAAA4324C9D1220044856F /* DoublyLinkedList.swift */ = {isa = PBXFileReference; lastKnownFileType = sourcecode.swift; path = DoublyLinkedList.swift; sourceTree = "<group>"; };
		17EA3BB2250BC68D003D7F81 /* AbstractGraph.swift */ = {isa = PBXFileReference; lastKnownFileType = sourcecode.swift; path = AbstractGraph.swift; sourceTree = "<group>"; };
		17EA3BB5250BCB79003D7F81 /* Edge.swift */ = {isa = PBXFileReference; lastKnownFileType = sourcecode.swift; path = Edge.swift; sourceTree = "<group>"; };
		17EBDE71250BB66F0054434B /* AdjacencyMatrixGraph.swift */ = {isa = PBXFileReference; lastKnownFileType = sourcecode.swift; path = AdjacencyMatrixGraph.swift; sourceTree = "<group>"; };
		17EBDE74250BC41D0054434B /* Vertex.swift */ = {isa = PBXFileReference; lastKnownFileType = sourcecode.swift; path = Vertex.swift; sourceTree = "<group>"; };
		17F8F860245EE14800846C43 /* AlgorithmPracticeUnitTest.xctest */ = {isa = PBXFileReference; explicitFileType = wrapper.cfbundle; includeInIndex = 0; path = AlgorithmPracticeUnitTest.xctest; sourceTree = BUILT_PRODUCTS_DIR; };
		17F8F862245EE14800846C43 /* AlgorithmPracticeUnitTest.swift */ = {isa = PBXFileReference; lastKnownFileType = sourcecode.swift; path = AlgorithmPracticeUnitTest.swift; sourceTree = "<group>"; };
		17F8F864245EE14800846C43 /* Info.plist */ = {isa = PBXFileReference; lastKnownFileType = text.plist.xml; path = Info.plist; sourceTree = "<group>"; };
		17FA628D24EA6D2A00D19873 /* ClimbingStarsUnitTest.swift */ = {isa = PBXFileReference; lastKnownFileType = sourcecode.swift; path = ClimbingStarsUnitTest.swift; sourceTree = "<group>"; };
		2CEEA722C420B80AD48F54AF /* libPods-AlgorithmPracticeUnitTest.a */ = {isa = PBXFileReference; explicitFileType = archive.ar; includeInIndex = 0; path = "libPods-AlgorithmPracticeUnitTest.a"; sourceTree = BUILT_PRODUCTS_DIR; };
		5577203171F1EF78853F19E3 /* SwapPairs.swift */ = {isa = PBXFileReference; fileEncoding = 4; lastKnownFileType = sourcecode.swift; path = SwapPairs.swift; sourceTree = "<group>"; };
		5577206F608090B441B2BE9E /* ReverseKGroupList.swift */ = {isa = PBXFileReference; fileEncoding = 4; lastKnownFileType = sourcecode.swift; path = ReverseKGroupList.swift; sourceTree = "<group>"; };
		5577207A53388873D630B665 /* Sqrtx.swift */ = {isa = PBXFileReference; fileEncoding = 4; lastKnownFileType = sourcecode.swift; path = Sqrtx.swift; sourceTree = "<group>"; };
		5577209361C5C386C1056403 /* BinaryTreeNode.swift */ = {isa = PBXFileReference; fileEncoding = 4; lastKnownFileType = sourcecode.swift; path = BinaryTreeNode.swift; sourceTree = "<group>"; };
		557721D1696D5FCF8F847964 /* NTreeLevelorderTraversal.swift */ = {isa = PBXFileReference; fileEncoding = 4; lastKnownFileType = sourcecode.swift; path = NTreeLevelorderTraversal.swift; sourceTree = "<group>"; };
		5577227B410434B938117F37 /* MovieZeros.swift */ = {isa = PBXFileReference; fileEncoding = 4; lastKnownFileType = sourcecode.swift; path = MovieZeros.swift; sourceTree = "<group>"; };
		557722E1758DC8812058BD97 /* ALGOHelper.swift */ = {isa = PBXFileReference; fileEncoding = 4; lastKnownFileType = sourcecode.swift; path = ALGOHelper.swift; sourceTree = "<group>"; };
		557723888B6D75B72929F456 /* SerializeAndDeserializeBinaryTree.swift */ = {isa = PBXFileReference; fileEncoding = 4; lastKnownFileType = sourcecode.swift; path = SerializeAndDeserializeBinaryTree.swift; sourceTree = "<group>"; };
		557723A1FA792A5345E3DD05 /* TwoSum.swift */ = {isa = PBXFileReference; fileEncoding = 4; lastKnownFileType = sourcecode.swift; path = TwoSum.swift; sourceTree = "<group>"; };
		557723C0F402CFF8139CBDCE /* Deque.swift */ = {isa = PBXFileReference; fileEncoding = 4; lastKnownFileType = sourcecode.swift; path = Deque.swift; sourceTree = "<group>"; };
		557723E3A2263C3AF8742FD6 /* SubtreeOfAnotherTree.swift */ = {isa = PBXFileReference; fileEncoding = 4; lastKnownFileType = sourcecode.swift; path = SubtreeOfAnotherTree.swift; sourceTree = "<group>"; };
		557723F6D81FA76290A14B09 /* PreorderTraversal.swift */ = {isa = PBXFileReference; fileEncoding = 4; lastKnownFileType = sourcecode.swift; path = PreorderTraversal.swift; sourceTree = "<group>"; };
		55772428D67C20270A4E1B7F /* BruteForceStringSearch.swift */ = {isa = PBXFileReference; fileEncoding = 4; lastKnownFileType = sourcecode.swift; path = BruteForceStringSearch.swift; sourceTree = "<group>"; };
		55772463659835B0B4DD8EFD /* BracketsIsValid.swift */ = {isa = PBXFileReference; fileEncoding = 4; lastKnownFileType = sourcecode.swift; path = BracketsIsValid.swift; sourceTree = "<group>"; };
		557725004200D226EE800452 /* MaximumSubarray.swift */ = {isa = PBXFileReference; fileEncoding = 4; lastKnownFileType = sourcecode.swift; path = MaximumSubarray.swift; sourceTree = "<group>"; };
		55772503A5259DC17FC72702 /* NumberOfSubarrays.swift */ = {isa = PBXFileReference; fileEncoding = 4; lastKnownFileType = sourcecode.swift; path = NumberOfSubarrays.swift; sourceTree = "<group>"; };
		55772505CAE8BA6DECA72BEB /* LongestSubstringWithoutRepeatingCharacters.swift */ = {isa = PBXFileReference; fileEncoding = 4; lastKnownFileType = sourcecode.swift; path = LongestSubstringWithoutRepeatingCharacters.swift; sourceTree = "<group>"; };
		557725EC9B9EE165102BC075 /* SequenceList.swift */ = {isa = PBXFileReference; fileEncoding = 4; lastKnownFileType = sourcecode.swift; path = SequenceList.swift; sourceTree = "<group>"; };
		557726DDA623A560183A2916 /* JumpGameIi.swift */ = {isa = PBXFileReference; fileEncoding = 4; lastKnownFileType = sourcecode.swift; path = JumpGameIi.swift; sourceTree = "<group>"; };
		557726F3FB5B0226A85B6BB4 /* HasCycle2.swift */ = {isa = PBXFileReference; fileEncoding = 4; lastKnownFileType = sourcecode.swift; path = HasCycle2.swift; sourceTree = "<group>"; };
		5577271278F5D0FE72CBD488 /* IntervalMerge.swift */ = {isa = PBXFileReference; fileEncoding = 4; lastKnownFileType = sourcecode.swift; path = IntervalMerge.swift; sourceTree = "<group>"; };
		557727246A0929AA9321E85B /* MergeTwoSortedLists.swift */ = {isa = PBXFileReference; fileEncoding = 4; lastKnownFileType = sourcecode.swift; path = MergeTwoSortedLists.swift; sourceTree = "<group>"; };
		55772787F464CAFB8CD45A6C /* HasCycle.swift */ = {isa = PBXFileReference; fileEncoding = 4; lastKnownFileType = sourcecode.swift; path = HasCycle.swift; sourceTree = "<group>"; };
		557727AB5A795902526F0E62 /* SortedArrayMerge.swift */ = {isa = PBXFileReference; fileEncoding = 4; lastKnownFileType = sourcecode.swift; path = SortedArrayMerge.swift; sourceTree = "<group>"; };
		557727AD775CC2541C1B0EB0 /* GroupAnagrams.swift */ = {isa = PBXFileReference; fileEncoding = 4; lastKnownFileType = sourcecode.swift; path = GroupAnagrams.swift; sourceTree = "<group>"; };
		557727C3DAA11066711F49C6 /* InorderTraversal.swift */ = {isa = PBXFileReference; fileEncoding = 4; lastKnownFileType = sourcecode.swift; path = InorderTraversal.swift; sourceTree = "<group>"; };
		557727D27A717E06BB20B611 /* WasToChange.swift */ = {isa = PBXFileReference; fileEncoding = 4; lastKnownFileType = sourcecode.swift; path = WasToChange.swift; sourceTree = "<group>"; };
		557727F4F6FA1E255CE6F1A3 /* ValidateBinarySearchTree.swift */ = {isa = PBXFileReference; fileEncoding = 4; lastKnownFileType = sourcecode.swift; path = ValidateBinarySearchTree.swift; sourceTree = "<group>"; };
		55772840A7FABA1BC4BBC819 /* ClimbingStars.swift */ = {isa = PBXFileReference; fileEncoding = 4; lastKnownFileType = sourcecode.swift; path = ClimbingStars.swift; sourceTree = "<group>"; };
		5577285785DCD6260F5F3B8F /* LengthOfLargestSubstring.swift */ = {isa = PBXFileReference; fileEncoding = 4; lastKnownFileType = sourcecode.swift; path = LengthOfLargestSubstring.swift; sourceTree = "<group>"; };
		5577285A6C01A26318BEDC6E /* PostorderTraversal.swift */ = {isa = PBXFileReference; fileEncoding = 4; lastKnownFileType = sourcecode.swift; path = PostorderTraversal.swift; sourceTree = "<group>"; };
		5577286D1096EF5FA05882E1 /* MaxWaterArea.swift */ = {isa = PBXFileReference; fileEncoding = 4; lastKnownFileType = sourcecode.swift; path = MaxWaterArea.swift; sourceTree = "<group>"; };
		557728E717944C01A72A27E1 /* MaximumDepthOfBinaryTree.swift */ = {isa = PBXFileReference; fileEncoding = 4; lastKnownFileType = sourcecode.swift; path = MaximumDepthOfBinaryTree.swift; sourceTree = "<group>"; };
		55772934399DDD497A39BED7 /* SingleNumber.swift */ = {isa = PBXFileReference; fileEncoding = 4; lastKnownFileType = sourcecode.swift; path = SingleNumber.swift; sourceTree = "<group>"; };
		5577293BB9B1D669D4C94246 /* ClassNameHelper.swift */ = {isa = PBXFileReference; fileEncoding = 4; lastKnownFileType = sourcecode.swift; path = ClassNameHelper.swift; sourceTree = "<group>"; };
		55772977CE07DA080E0A8A7D /* GenerateParenthesis.swift */ = {isa = PBXFileReference; fileEncoding = 4; lastKnownFileType = sourcecode.swift; path = GenerateParenthesis.swift; sourceTree = "<group>"; };
		557729B3A32CBE705DB1425C /* LargestRectangleArea.swift */ = {isa = PBXFileReference; fileEncoding = 4; lastKnownFileType = sourcecode.swift; path = LargestRectangleArea.swift; sourceTree = "<group>"; };
		55772A0013038C8C18969FC4 /* BSTTraversal.swift */ = {isa = PBXFileReference; fileEncoding = 4; lastKnownFileType = sourcecode.swift; path = BSTTraversal.swift; sourceTree = "<group>"; };
		55772A692D1175BCB05B03AA /* RabinKarpSearch.swift */ = {isa = PBXFileReference; fileEncoding = 4; lastKnownFileType = sourcecode.swift; path = RabinKarpSearch.swift; sourceTree = "<group>"; };
		55772A963189930FA6E0CE63 /* CanJump.swift */ = {isa = PBXFileReference; fileEncoding = 4; lastKnownFileType = sourcecode.swift; path = CanJump.swift; sourceTree = "<group>"; };
		55772BE305DC3830F70E953B /* ReverseList.swift */ = {isa = PBXFileReference; fileEncoding = 4; lastKnownFileType = sourcecode.swift; path = ReverseList.swift; sourceTree = "<group>"; };
		55772C05DBCD965232AB25D7 /* Stack.swift */ = {isa = PBXFileReference; fileEncoding = 4; lastKnownFileType = sourcecode.swift; path = Stack.swift; sourceTree = "<group>"; };
		55772C0A566E8AFC9A8ED053 /* HappyNumber.swift */ = {isa = PBXFileReference; fileEncoding = 4; lastKnownFileType = sourcecode.swift; path = HappyNumber.swift; sourceTree = "<group>"; };
		55772C2D14E35A72C5B3690C /* TrappingRainWater.swift */ = {isa = PBXFileReference; fileEncoding = 4; lastKnownFileType = sourcecode.swift; path = TrappingRainWater.swift; sourceTree = "<group>"; };
		55772C54D5B2FEF16CEF1C75 /* PlusOne.swift */ = {isa = PBXFileReference; fileEncoding = 4; lastKnownFileType = sourcecode.swift; path = PlusOne.swift; sourceTree = "<group>"; };
		55772C7A42171521D82D54A0 /* ConvertSortedArrayToBinarySearchTree.swift */ = {isa = PBXFileReference; fileEncoding = 4; lastKnownFileType = sourcecode.swift; path = ConvertSortedArrayToBinarySearchTree.swift; sourceTree = "<group>"; };
		55772C7CBE143426210541A7 /* ThreeSum.swift */ = {isa = PBXFileReference; fileEncoding = 4; lastKnownFileType = sourcecode.swift; path = ThreeSum.swift; sourceTree = "<group>"; };
		55772CA790731FF08B2F6670 /* GetMaxRepetitions.swift */ = {isa = PBXFileReference; fileEncoding = 4; lastKnownFileType = sourcecode.swift; path = GetMaxRepetitions.swift; sourceTree = "<group>"; };
		55772CC2ECA6424774AD3A1A /* MaxSlidingWindow.swift */ = {isa = PBXFileReference; fileEncoding = 4; lastKnownFileType = sourcecode.swift; path = MaxSlidingWindow.swift; sourceTree = "<group>"; };
		55772CDB8D465C85BAEFBD42 /* TreeNode.swift */ = {isa = PBXFileReference; fileEncoding = 4; lastKnownFileType = sourcecode.swift; path = TreeNode.swift; sourceTree = "<group>"; };
		55772CE0171117396E6065D7 /* SearchInRotatedSortedArray.swift */ = {isa = PBXFileReference; fileEncoding = 4; lastKnownFileType = sourcecode.swift; path = SearchInRotatedSortedArray.swift; sourceTree = "<group>"; };
		55772D2D60EF8272F5144329 /* WordIsAnagram.swift */ = {isa = PBXFileReference; fileEncoding = 4; lastKnownFileType = sourcecode.swift; path = WordIsAnagram.swift; sourceTree = "<group>"; };
		55772D3B7403B06E230D300B /* ListNode.swift */ = {isa = PBXFileReference; fileEncoding = 4; lastKnownFileType = sourcecode.swift; path = ListNode.swift; sourceTree = "<group>"; };
		55772D91D8BFDDAFBF2B8674 /* PostorderNTree.swift */ = {isa = PBXFileReference; fileEncoding = 4; lastKnownFileType = sourcecode.swift; path = PostorderNTree.swift; sourceTree = "<group>"; };
		55772DEE222C4229E76D7F80 /* RightSideView.swift */ = {isa = PBXFileReference; fileEncoding = 4; lastKnownFileType = sourcecode.swift; path = RightSideView.swift; sourceTree = "<group>"; };
		55772E1405A3149272E312B7 /* RemoveDuplicates.swift */ = {isa = PBXFileReference; fileEncoding = 4; lastKnownFileType = sourcecode.swift; path = RemoveDuplicates.swift; sourceTree = "<group>"; };
		55772E4C18D10513AF3EF256 /* ShuZuZhongShuZiChuXianDeCiShuLcof.swift */ = {isa = PBXFileReference; fileEncoding = 4; lastKnownFileType = sourcecode.swift; path = ShuZuZhongShuZiChuXianDeCiShuLcof.swift; sourceTree = "<group>"; };
		55772EAABE36929A9006CB0E /* MyCircularDeque.swift */ = {isa = PBXFileReference; fileEncoding = 4; lastKnownFileType = sourcecode.swift; path = MyCircularDeque.swift; sourceTree = "<group>"; };
		55772ECBD3D74502CFBDB611 /* SameTree.swift */ = {isa = PBXFileReference; fileEncoding = 4; lastKnownFileType = sourcecode.swift; path = SameTree.swift; sourceTree = "<group>"; };
		55772EF36D20076A0FFD5618 /* NumberReverse.swift */ = {isa = PBXFileReference; fileEncoding = 4; lastKnownFileType = sourcecode.swift; path = NumberReverse.swift; sourceTree = "<group>"; };
		55772F4EEF623303B543AF0A /* TestDSString.swift */ = {isa = PBXFileReference; fileEncoding = 4; lastKnownFileType = sourcecode.swift; path = TestDSString.swift; sourceTree = "<group>"; };
		55772F5A968D3FFF534A4997 /* RotateArray.swift */ = {isa = PBXFileReference; fileEncoding = 4; lastKnownFileType = sourcecode.swift; path = RotateArray.swift; sourceTree = "<group>"; };
		55772F5B414AFA55913B330E /* MinimumDepthOfBinaryTree.swift */ = {isa = PBXFileReference; fileEncoding = 4; lastKnownFileType = sourcecode.swift; path = MinimumDepthOfBinaryTree.swift; sourceTree = "<group>"; };
		55772F923AA6ECECE30923A1 /* InvertTree.swift */ = {isa = PBXFileReference; fileEncoding = 4; lastKnownFileType = sourcecode.swift; path = InvertTree.swift; sourceTree = "<group>"; };
		55772FD9C13F5052B3438189 /* NumIslands.swift */ = {isa = PBXFileReference; fileEncoding = 4; lastKnownFileType = sourcecode.swift; path = NumIslands.swift; sourceTree = "<group>"; };
		5B0DB78E2DA4D3820329A09E /* libPods-AlgorithmPractice.a */ = {isa = PBXFileReference; explicitFileType = archive.ar; includeInIndex = 0; path = "libPods-AlgorithmPractice.a"; sourceTree = BUILT_PRODUCTS_DIR; };
		95F499E66ED36F5B5D380A35 /* Pods-AlgorithmPracticeUnitTest.debug.xcconfig */ = {isa = PBXFileReference; includeInIndex = 1; lastKnownFileType = text.xcconfig; name = "Pods-AlgorithmPracticeUnitTest.debug.xcconfig"; path = "Target Support Files/Pods-AlgorithmPracticeUnitTest/Pods-AlgorithmPracticeUnitTest.debug.xcconfig"; sourceTree = "<group>"; };
		AC6837534A53E698A504C79A /* Pods-AlgorithmPracticeUnitTest.release.xcconfig */ = {isa = PBXFileReference; includeInIndex = 1; lastKnownFileType = text.xcconfig; name = "Pods-AlgorithmPracticeUnitTest.release.xcconfig"; path = "Target Support Files/Pods-AlgorithmPracticeUnitTest/Pods-AlgorithmPracticeUnitTest.release.xcconfig"; sourceTree = "<group>"; };
		BC58ACB1BA370ABFACAAB1E9 /* Pods-AlgorithmPractice.debug.xcconfig */ = {isa = PBXFileReference; includeInIndex = 1; lastKnownFileType = text.xcconfig; name = "Pods-AlgorithmPractice.debug.xcconfig"; path = "Target Support Files/Pods-AlgorithmPractice/Pods-AlgorithmPractice.debug.xcconfig"; sourceTree = "<group>"; };
		FA1ADEBC9FD99868A143DE10 /* Pods-AlgorithmPractice.release.xcconfig */ = {isa = PBXFileReference; includeInIndex = 1; lastKnownFileType = text.xcconfig; name = "Pods-AlgorithmPractice.release.xcconfig"; path = "Target Support Files/Pods-AlgorithmPractice/Pods-AlgorithmPractice.release.xcconfig"; sourceTree = "<group>"; };
/* End PBXFileReference section */

/* Begin PBXFrameworksBuildPhase section */
		1707AAF62429F31500337E8C /* Frameworks */ = {
			isa = PBXFrameworksBuildPhase;
			buildActionMask = 2147483647;
			files = (
				4FEE4AF12AE42F0EF10A612E /* libPods-AlgorithmPractice.a in Frameworks */,
			);
			runOnlyForDeploymentPostprocessing = 0;
		};
		17F8F85D245EE14800846C43 /* Frameworks */ = {
			isa = PBXFrameworksBuildPhase;
			buildActionMask = 2147483647;
			files = (
				758DB7288E0CD5AFBEC2D2F5 /* libPods-AlgorithmPracticeUnitTest.a in Frameworks */,
			);
			runOnlyForDeploymentPostprocessing = 0;
		};
/* End PBXFrameworksBuildPhase section */

/* Begin PBXGroup section */
		1707AAF02429F31500337E8C = {
			isa = PBXGroup;
			children = (
				1707AAFB2429F31500337E8C /* AlgorithmPractice */,
				17F8F861245EE14800846C43 /* AlgorithmPracticeUnitTest */,
				1707AAFA2429F31500337E8C /* Products */,
				F41724642961D0F99265983B /* Pods */,
				E8CDC3B89E7662F81992EED9 /* Frameworks */,
			);
			sourceTree = "<group>";
		};
		1707AAFA2429F31500337E8C /* Products */ = {
			isa = PBXGroup;
			children = (
				1707AAF92429F31500337E8C /* AlgorithmPractice */,
				17F8F860245EE14800846C43 /* AlgorithmPracticeUnitTest.xctest */,
			);
			name = Products;
			sourceTree = "<group>";
		};
		1707AAFB2429F31500337E8C /* AlgorithmPractice */ = {
			isa = PBXGroup;
			children = (
				1707AAFC2429F31500337E8C /* main.swift */,
				172F93EE243C524000032DFE /* AlgorithmPractice-Bridging-Header.h */,
				5577293BB9B1D669D4C94246 /* ClassNameHelper.swift */,
				55772CB4B7E92C84E5058A58 /* Problems */,
				55772B46022782057222E56A /* DataStruct */,
			);
			path = AlgorithmPractice;
			sourceTree = "<group>";
		};
		174FF74224D120B200DD1ACB /* Array */ = {
			isa = PBXGroup;
			children = (
				55772F5A968D3FFF534A4997 /* RotateArray.swift */,
				174FF74524D12D6F00DD1ACB /* ArrayTags.swift */,
			);
			path = Array;
			sourceTree = "<group>";
		};
		17B1AE99250CCDAC000E2EAC /* Graph */ = {
			isa = PBXGroup;
			children = (
				17B1AE9A250CCDBE000E2EAC /* GraphTags.swift */,
			);
			path = Graph;
			sourceTree = "<group>";
		};
		17B77CDD250F725F009985F4 /* Sort */ = {
			isa = PBXGroup;
			children = (
				17B77CDE250F7285009985F4 /* ALGOSort.swift */,
			);
			path = Sort;
			sourceTree = "<group>";
		};
		17B77CE1250F77FF009985F4 /* Sort */ = {
			isa = PBXGroup;
			children = (
				17B77CE2250F7813009985F4 /* SortTest.swift */,
			);
			path = Sort;
			sourceTree = "<group>";
		};
		17C097C52503B5FC00D527A3 /* Tree */ = {
			isa = PBXGroup;
			children = (
				17C097C62503B63500D527A3 /* TreeTags.swift */,
				17C097C92503C1A000D527A3 /* NTreeNode.swift */,
			);
			path = Tree;
			sourceTree = "<group>";
		};
		17C097CC2503D43F00D527A3 /* Other */ = {
			isa = PBXGroup;
			children = (
				55772EAABE36929A9006CB0E /* MyCircularDeque.swift */,
				557727F4F6FA1E255CE6F1A3 /* ValidateBinarySearchTree.swift */,
				557723F6D81FA76290A14B09 /* PreorderTraversal.swift */,
				55772934399DDD497A39BED7 /* SingleNumber.swift */,
				5577285A6C01A26318BEDC6E /* PostorderTraversal.swift */,
				55772D2D60EF8272F5144329 /* WordIsAnagram.swift */,
				557726DDA623A560183A2916 /* JumpGameIi.swift */,
				55772505CAE8BA6DECA72BEB /* LongestSubstringWithoutRepeatingCharacters.swift */,
				557725004200D226EE800452 /* MaximumSubarray.swift */,
				557721D1696D5FCF8F847964 /* NTreeLevelorderTraversal.swift */,
				55772503A5259DC17FC72702 /* NumberOfSubarrays.swift */,
				55772F923AA6ECECE30923A1 /* InvertTree.swift */,
				557727AD775CC2541C1B0EB0 /* GroupAnagrams.swift */,
				557723E3A2263C3AF8742FD6 /* SubtreeOfAnotherTree.swift */,
				557723888B6D75B72929F456 /* SerializeAndDeserializeBinaryTree.swift */,
				55772FD9C13F5052B3438189 /* NumIslands.swift */,
				55772E4C18D10513AF3EF256 /* ShuZuZhongShuZiChuXianDeCiShuLcof.swift */,
				55772977CE07DA080E0A8A7D /* GenerateParenthesis.swift */,
				55772C7A42171521D82D54A0 /* ConvertSortedArrayToBinarySearchTree.swift */,
				55772CA790731FF08B2F6670 /* GetMaxRepetitions.swift */,
				55772D91D8BFDDAFBF2B8674 /* PostorderNTree.swift */,
				557727D27A717E06BB20B611 /* WasToChange.swift */,
				5577271278F5D0FE72CBD488 /* IntervalMerge.swift */,
				55772C54D5B2FEF16CEF1C75 /* PlusOne.swift */,
				55772A0013038C8C18969FC4 /* BSTTraversal.swift */,
				55772CE0171117396E6065D7 /* SearchInRotatedSortedArray.swift */,
				5577227B410434B938117F37 /* MovieZeros.swift */,
				5577286D1096EF5FA05882E1 /* MaxWaterArea.swift */,
				557729B3A32CBE705DB1425C /* LargestRectangleArea.swift */,
				55772ECBD3D74502CFBDB611 /* SameTree.swift */,
				557728E717944C01A72A27E1 /* MaximumDepthOfBinaryTree.swift */,
				55772C7CBE143426210541A7 /* ThreeSum.swift */,
				557723A1FA792A5345E3DD05 /* TwoSum.swift */,
				55772C2D14E35A72C5B3690C /* TrappingRainWater.swift */,
				55772F5B414AFA55913B330E /* MinimumDepthOfBinaryTree.swift */,
				55772DEE222C4229E76D7F80 /* RightSideView.swift */,
				55772EF36D20076A0FFD5618 /* NumberReverse.swift */,
				55772C0A566E8AFC9A8ED053 /* HappyNumber.swift */,
				55772E1405A3149272E312B7 /* RemoveDuplicates.swift */,
				557727C3DAA11066711F49C6 /* InorderTraversal.swift */,
				5577285785DCD6260F5F3B8F /* LengthOfLargestSubstring.swift */,
				5577207A53388873D630B665 /* Sqrtx.swift */,
				55772463659835B0B4DD8EFD /* BracketsIsValid.swift */,
				55772A963189930FA6E0CE63 /* CanJump.swift */,
				557727AB5A795902526F0E62 /* SortedArrayMerge.swift */,
				55772CC2ECA6424774AD3A1A /* MaxSlidingWindow.swift */,
			);
			path = Other;
			sourceTree = "<group>";
		};
		17C5F9AE24E28EE00011BF5A /* Stack */ = {
			isa = PBXGroup;
			children = (
				17C5F9AF24E28EF70011BF5A /* StackTags.swift */,
			);
			path = Stack;
			sourceTree = "<group>";
		};
		17CF925524D00EC70042566F /* LinkList */ = {
			isa = PBXGroup;
			children = (
				557726F3FB5B0226A85B6BB4 /* HasCycle2.swift */,
				5577203171F1EF78853F19E3 /* SwapPairs.swift */,
				55772787F464CAFB8CD45A6C /* HasCycle.swift */,
				5577206F608090B441B2BE9E /* ReverseKGroupList.swift */,
				557727246A0929AA9321E85B /* MergeTwoSortedLists.swift */,
				55772BE305DC3830F70E953B /* ReverseList.swift */,
				17CF925624D00F0D0042566F /* LinkedListTags.swift */,
				1724AA26251848F2007B2C22 /* LRUCache.swift */,
			);
			path = LinkList;
			sourceTree = "<group>";
		};
		17D1718124ECE0B000F03C8F /* Queue */ = {
			isa = PBXGroup;
			children = (
				557723C0F402CFF8139CBDCE /* Deque.swift */,
				17D1718224ECE0F300F03C8F /* CircleQueue.swift */,
				17D1718524ED302900F03C8F /* LinkedQueue.swift */,
			);
			path = Queue;
			sourceTree = "<group>";
		};
		17EBDE70250BB5330054434B /* Graph */ = {
			isa = PBXGroup;
			children = (
				17EBDE71250BB66F0054434B /* AdjacencyMatrixGraph.swift */,
				17EBDE74250BC41D0054434B /* Vertex.swift */,
				17EA3BB2250BC68D003D7F81 /* AbstractGraph.swift */,
				17EA3BB5250BCB79003D7F81 /* Edge.swift */,
				17B1AE96250CA470000E2EAC /* AdjacencyListGraph.swift */,
			);
			name = Graph;
			path = Graph/Graph;
			sourceTree = "<group>";
		};
		17F4913224EFC29C004182DE /* LinedList */ = {
			isa = PBXGroup;
			children = (
				17D753E924D423280030164A /* RandomNode.swift */,
				55772D3B7403B06E230D300B /* ListNode.swift */,
				557725EC9B9EE165102BC075 /* SequenceList.swift */,
				17DAAA4324C9D1220044856F /* DoublyLinkedList.swift */,
				17C9F18624CADED200A4841F /* SinglyLinkedCircularList.swift */,
			);
			path = LinedList;
			sourceTree = "<group>";
		};
		17F4913324EFC2E9004182DE /* Stack */ = {
			isa = PBXGroup;
			children = (
				55772C05DBCD965232AB25D7 /* Stack.swift */,
			);
			path = Stack;
			sourceTree = "<group>";
		};
		17F4913424EFC31A004182DE /* Tree */ = {
			isa = PBXGroup;
			children = (
				55772CDB8D465C85BAEFBD42 /* TreeNode.swift */,
				5577209361C5C386C1056403 /* BinaryTreeNode.swift */,
				17CD140E25022FC70000DB0F /* ArrayBinaryTree.swift */,
				17C097C22503939500D527A3 /* LinkedBinaryTree.swift */,
			);
			path = Tree;
			sourceTree = "<group>";
		};
		17F8F861245EE14800846C43 /* AlgorithmPracticeUnitTest */ = {
			isa = PBXGroup;
			children = (
				17B77CE1250F77FF009985F4 /* Sort */,
				17FA628C24EA6D0800D19873 /* DynamicProgramming */,
				17F8F862245EE14800846C43 /* AlgorithmPracticeUnitTest.swift */,
				17F8F864245EE14800846C43 /* Info.plist */,
				557722E1758DC8812058BD97 /* ALGOHelper.swift */,
				17C9F18824CAED7900A4841F /* SinglyLinkedCircularListTests.swift */,
				17CF925824D00F770042566F /* LinkedListTagsUnitTest.swift */,
				174FF74324D1217100DD1ACB /* ArrayTagsUnitTest.swift */,
				17C5F9B224E295890011BF5A /* StackTagsUnitTest.swift */,
				55772248F0DB694443F1706D /* DataStruct */,
				17C097CD2503D48900D527A3 /* TreeTagTest.swift */,
				17B1AE9D250CCF86000E2EAC /* GraphTagUnitTest.swift */,
			);
			path = AlgorithmPracticeUnitTest;
			sourceTree = "<group>";
		};
		17FA628B24EA6CB600D19873 /* DynamicProgramming */ = {
			isa = PBXGroup;
			children = (
				55772840A7FABA1BC4BBC819 /* ClimbingStars.swift */,
			);
			path = DynamicProgramming;
			sourceTree = "<group>";
		};
		17FA628C24EA6D0800D19873 /* DynamicProgramming */ = {
			isa = PBXGroup;
			children = (
				17FA628D24EA6D2A00D19873 /* ClimbingStarsUnitTest.swift */,
			);
			path = DynamicProgramming;
			sourceTree = "<group>";
		};
		55772248F0DB694443F1706D /* DataStruct */ = {
			isa = PBXGroup;
			children = (
				55772F4EEF623303B543AF0A /* TestDSString.swift */,
			);
			path = DataStruct;
			sourceTree = "<group>";
		};
		55772AE28E8060EAD16E4264 /* String */ = {
			isa = PBXGroup;
			children = (
				55772428D67C20270A4E1B7F /* BruteForceStringSearch.swift */,
				55772A692D1175BCB05B03AA /* RabinKarpSearch.swift */,
				17CEA89B24F6652A0030714B /* BoyerMooreSearch.swift */,
				175E527624F7B28300CE174A /* KnuthMorrisPrattStringSearch.swift */,
			);
			path = String;
			sourceTree = "<group>";
		};
		55772B46022782057222E56A /* DataStruct */ = {
			isa = PBXGroup;
			children = (
				17EBDE70250BB5330054434B /* Graph */,
				17F4913424EFC31A004182DE /* Tree */,
				17F4913324EFC2E9004182DE /* Stack */,
				17F4913224EFC29C004182DE /* LinedList */,
				17D1718124ECE0B000F03C8F /* Queue */,
				55772AE28E8060EAD16E4264 /* String */,
			);
			path = DataStruct;
			sourceTree = "<group>";
		};
		55772CB4B7E92C84E5058A58 /* Problems */ = {
			isa = PBXGroup;
			children = (
				17B77CDD250F725F009985F4 /* Sort */,
				17B1AE99250CCDAC000E2EAC /* Graph */,
				17C097CC2503D43F00D527A3 /* Other */,
				17C097C52503B5FC00D527A3 /* Tree */,
				17FA628B24EA6CB600D19873 /* DynamicProgramming */,
				17C5F9AE24E28EE00011BF5A /* Stack */,
				174FF74224D120B200DD1ACB /* Array */,
				17CF925524D00EC70042566F /* LinkList */,
			);
			path = Problems;
			sourceTree = "<group>";
		};
		E8CDC3B89E7662F81992EED9 /* Frameworks */ = {
			isa = PBXGroup;
			children = (
				5B0DB78E2DA4D3820329A09E /* libPods-AlgorithmPractice.a */,
				2CEEA722C420B80AD48F54AF /* libPods-AlgorithmPracticeUnitTest.a */,
			);
			name = Frameworks;
			sourceTree = "<group>";
		};
		F41724642961D0F99265983B /* Pods */ = {
			isa = PBXGroup;
			children = (
				BC58ACB1BA370ABFACAAB1E9 /* Pods-AlgorithmPractice.debug.xcconfig */,
				FA1ADEBC9FD99868A143DE10 /* Pods-AlgorithmPractice.release.xcconfig */,
				95F499E66ED36F5B5D380A35 /* Pods-AlgorithmPracticeUnitTest.debug.xcconfig */,
				AC6837534A53E698A504C79A /* Pods-AlgorithmPracticeUnitTest.release.xcconfig */,
			);
			path = Pods;
			sourceTree = "<group>";
		};
/* End PBXGroup section */

/* Begin PBXNativeTarget section */
		1707AAF82429F31500337E8C /* AlgorithmPractice */ = {
			isa = PBXNativeTarget;
			buildConfigurationList = 1707AB002429F31500337E8C /* Build configuration list for PBXNativeTarget "AlgorithmPractice" */;
			buildPhases = (
				12C62A2249C5983B156D4758 /* [CP] Check Pods Manifest.lock */,
				1707AAF52429F31500337E8C /* Sources */,
				1707AAF62429F31500337E8C /* Frameworks */,
				1707AAF72429F31500337E8C /* CopyFiles */,
				1707AB032429FFB800337E8C /* SwiftLint Script */,
			);
			buildRules = (
			);
			dependencies = (
			);
			name = AlgorithmPractice;
			productName = AlgorithmPractice;
			productReference = 1707AAF92429F31500337E8C /* AlgorithmPractice */;
			productType = "com.apple.product-type.tool";
		};
		17F8F85F245EE14800846C43 /* AlgorithmPracticeUnitTest */ = {
			isa = PBXNativeTarget;
			buildConfigurationList = 17F8F865245EE14800846C43 /* Build configuration list for PBXNativeTarget "AlgorithmPracticeUnitTest" */;
			buildPhases = (
				A76F2AD7C4028E19C7967C68 /* [CP] Check Pods Manifest.lock */,
				17F8F85C245EE14800846C43 /* Sources */,
				17F8F85D245EE14800846C43 /* Frameworks */,
				17F8F85E245EE14800846C43 /* Resources */,
				17D3C62B24D2D84700FCE12B /* ShellScript */,
			);
			buildRules = (
			);
			dependencies = (
			);
			name = AlgorithmPracticeUnitTest;
			productName = AlgorithmPracticeUnitTest;
			productReference = 17F8F860245EE14800846C43 /* AlgorithmPracticeUnitTest.xctest */;
			productType = "com.apple.product-type.bundle.unit-test";
		};
/* End PBXNativeTarget section */

/* Begin PBXProject section */
		1707AAF12429F31500337E8C /* Project object */ = {
			isa = PBXProject;
			attributes = {
				LastSwiftUpdateCheck = 1140;
				LastUpgradeCheck = 1140;
				ORGANIZATIONNAME = superYang;
				TargetAttributes = {
					1707AAF82429F31500337E8C = {
						CreatedOnToolsVersion = 11.3.1;
						LastSwiftMigration = 1130;
					};
					17F8F85F245EE14800846C43 = {
						CreatedOnToolsVersion = 11.4.1;
					};
				};
			};
			buildConfigurationList = 1707AAF42429F31500337E8C /* Build configuration list for PBXProject "AlgorithmPractice" */;
			compatibilityVersion = "Xcode 9.3";
			developmentRegion = en;
			hasScannedForEncodings = 0;
			knownRegions = (
				en,
				Base,
			);
			mainGroup = 1707AAF02429F31500337E8C;
			productRefGroup = 1707AAFA2429F31500337E8C /* Products */;
			projectDirPath = "";
			projectRoot = "";
			targets = (
				1707AAF82429F31500337E8C /* AlgorithmPractice */,
				17F8F85F245EE14800846C43 /* AlgorithmPracticeUnitTest */,
			);
		};
/* End PBXProject section */

/* Begin PBXResourcesBuildPhase section */
		17F8F85E245EE14800846C43 /* Resources */ = {
			isa = PBXResourcesBuildPhase;
			buildActionMask = 2147483647;
			files = (
			);
			runOnlyForDeploymentPostprocessing = 0;
		};
/* End PBXResourcesBuildPhase section */

/* Begin PBXShellScriptBuildPhase section */
		12C62A2249C5983B156D4758 /* [CP] Check Pods Manifest.lock */ = {
			isa = PBXShellScriptBuildPhase;
			buildActionMask = 2147483647;
			files = (
			);
			inputFileListPaths = (
			);
			inputPaths = (
				"${PODS_PODFILE_DIR_PATH}/Podfile.lock",
				"${PODS_ROOT}/Manifest.lock",
			);
			name = "[CP] Check Pods Manifest.lock";
			outputFileListPaths = (
			);
			outputPaths = (
				"$(DERIVED_FILE_DIR)/Pods-AlgorithmPractice-checkManifestLockResult.txt",
			);
			runOnlyForDeploymentPostprocessing = 0;
			shellPath = /bin/sh;
			shellScript = "diff \"${PODS_PODFILE_DIR_PATH}/Podfile.lock\" \"${PODS_ROOT}/Manifest.lock\" > /dev/null\nif [ $? != 0 ] ; then\n    # print error to STDERR\n    echo \"error: The sandbox is not in sync with the Podfile.lock. Run 'pod install' or update your CocoaPods installation.\" >&2\n    exit 1\nfi\n# This output is used by Xcode 'outputs' to avoid re-running this script phase.\necho \"SUCCESS\" > \"${SCRIPT_OUTPUT_FILE_0}\"\n";
			showEnvVarsInLog = 0;
		};
		1707AB032429FFB800337E8C /* SwiftLint Script */ = {
			isa = PBXShellScriptBuildPhase;
			buildActionMask = 2147483647;
			files = (
			);
			inputFileListPaths = (
			);
			inputPaths = (
			);
			name = "SwiftLint Script";
			outputFileListPaths = (
			);
			outputPaths = (
			);
			runOnlyForDeploymentPostprocessing = 0;
			shellPath = /bin/sh;
			shellScript = "\"${PODS_ROOT}/SwiftLint/swiftlint\"\n";
		};
		17D3C62B24D2D84700FCE12B /* ShellScript */ = {
			isa = PBXShellScriptBuildPhase;
			buildActionMask = 2147483647;
			files = (
			);
			inputFileListPaths = (
			);
			inputPaths = (
			);
			outputFileListPaths = (
			);
			outputPaths = (
			);
			runOnlyForDeploymentPostprocessing = 0;
			shellPath = /bin/sh;
			shellScript = "\"${PODS_ROOT}/SwiftLint/swiftlint\"\n";
		};
		A76F2AD7C4028E19C7967C68 /* [CP] Check Pods Manifest.lock */ = {
			isa = PBXShellScriptBuildPhase;
			buildActionMask = 2147483647;
			files = (
			);
			inputFileListPaths = (
			);
			inputPaths = (
				"${PODS_PODFILE_DIR_PATH}/Podfile.lock",
				"${PODS_ROOT}/Manifest.lock",
			);
			name = "[CP] Check Pods Manifest.lock";
			outputFileListPaths = (
			);
			outputPaths = (
				"$(DERIVED_FILE_DIR)/Pods-AlgorithmPracticeUnitTest-checkManifestLockResult.txt",
			);
			runOnlyForDeploymentPostprocessing = 0;
			shellPath = /bin/sh;
			shellScript = "diff \"${PODS_PODFILE_DIR_PATH}/Podfile.lock\" \"${PODS_ROOT}/Manifest.lock\" > /dev/null\nif [ $? != 0 ] ; then\n    # print error to STDERR\n    echo \"error: The sandbox is not in sync with the Podfile.lock. Run 'pod install' or update your CocoaPods installation.\" >&2\n    exit 1\nfi\n# This output is used by Xcode 'outputs' to avoid re-running this script phase.\necho \"SUCCESS\" > \"${SCRIPT_OUTPUT_FILE_0}\"\n";
			showEnvVarsInLog = 0;
		};
/* End PBXShellScriptBuildPhase section */

/* Begin PBXSourcesBuildPhase section */
		1707AAF52429F31500337E8C /* Sources */ = {
			isa = PBXSourcesBuildPhase;
			buildActionMask = 2147483647;
			files = (
				1707AAFD2429F31500337E8C /* main.swift in Sources */,
				55772FBF3A7F8B87818A8CC3 /* ClassNameHelper.swift in Sources */,
				5577213473CCAAA30F66B4AD /* ValidateBinarySearchTree.swift in Sources */,
				557727DDF004A3F7DAFD9F95 /* SwapPairs.swift in Sources */,
				557725A29048E48C75F1CACA /* PreorderTraversal.swift in Sources */,
				17EA3BB3250BC68D003D7F81 /* AbstractGraph.swift in Sources */,
				557726E19E7A842BFC3B0955 /* SingleNumber.swift in Sources */,
				17B77CDF250F7285009985F4 /* ALGOSort.swift in Sources */,
				55772A71E5D007BAE0B4A721 /* PostorderTraversal.swift in Sources */,
				5577249604E454D5C404B3BC /* HasCycle2.swift in Sources */,
				17B1AE97250CA470000E2EAC /* AdjacencyListGraph.swift in Sources */,
				55772FA892CF2CE41C933715 /* WordIsAnagram.swift in Sources */,
				17CEA89C24F6652A0030714B /* BoyerMooreSearch.swift in Sources */,
				55772778A2AB5100F578DDEB /* JumpGameIi.swift in Sources */,
				55772B713469EC40C6874A83 /* LongestSubstringWithoutRepeatingCharacters.swift in Sources */,
				55772B21F62F7188B23BA1B9 /* MaximumSubarray.swift in Sources */,
				5577246947DD4039DAB41C0F /* NTreeLevelorderTraversal.swift in Sources */,
				557725C18485BCE1F1FD1EC5 /* NumberOfSubarrays.swift in Sources */,
				55772CC5A1D5C4868EA4DF8B /* InvertTree.swift in Sources */,
				5577289FC71C01C727DB53E3 /* GroupAnagrams.swift in Sources */,
				557726FC46A7B9121D9310A1 /* SubtreeOfAnotherTree.swift in Sources */,
				55772567355BE9728266D428 /* SerializeAndDeserializeBinaryTree.swift in Sources */,
				17D753EA24D423280030164A /* RandomNode.swift in Sources */,
				55772F5E3E68CA237019BDBB /* NumIslands.swift in Sources */,
				55772D4D9F1060EAFD8BAF7A /* ShuZuZhongShuZiChuXianDeCiShuLcof.swift in Sources */,
				17D1718324ECE0F300F03C8F /* CircleQueue.swift in Sources */,
				557720051CA0163E8CF382B2 /* GenerateParenthesis.swift in Sources */,
				55772A0FDA09D9F2CEBD8C23 /* ConvertSortedArrayToBinarySearchTree.swift in Sources */,
				5577267E8B9600CCFC4982A5 /* GetMaxRepetitions.swift in Sources */,
				557721DD4CF6956EDC2D9B76 /* PostorderNTree.swift in Sources */,
				557723E5AB3AE418B867BA15 /* WasToChange.swift in Sources */,
				557720959948ABC63FC1DF61 /* IntervalMerge.swift in Sources */,
				17CD140F25022FC70000DB0F /* ArrayBinaryTree.swift in Sources */,
				17DAAA4424C9D1220044856F /* DoublyLinkedList.swift in Sources */,
				557728ED24DBB37FF8DB070C /* PlusOne.swift in Sources */,
				55772BDFC27CCB85C100C080 /* ClimbingStars.swift in Sources */,
				17CF925724D00F0D0042566F /* LinkedListTags.swift in Sources */,
				55772A18E4E355C85E2980C7 /* ReverseList.swift in Sources */,
				55772DAE14C0AEDA9D55DC58 /* BSTTraversal.swift in Sources */,
				557726E9D84C34B1067CC0E9 /* MergeTwoSortedLists.swift in Sources */,
				17EBDE72250BB66F0054434B /* AdjacencyMatrixGraph.swift in Sources */,
				17C5F9B024E28EF70011BF5A /* StackTags.swift in Sources */,
				557721720B541D4CAE52FEE0 /* SearchInRotatedSortedArray.swift in Sources */,
				5577207955641161420915D3 /* MovieZeros.swift in Sources */,
				557721772DC69F8A53A5B608 /* MaxWaterArea.swift in Sources */,
				55772A6DF129F5563E9CCF86 /* LargestRectangleArea.swift in Sources */,
				55772F9695315F886D93BDC6 /* SameTree.swift in Sources */,
				17C097C72503B63500D527A3 /* TreeTags.swift in Sources */,
				17B1AE9B250CCDBE000E2EAC /* GraphTags.swift in Sources */,
				17C097CA2503C1A000D527A3 /* NTreeNode.swift in Sources */,
				55772985AC5C79EBD1EBEF2B /* MaximumDepthOfBinaryTree.swift in Sources */,
				17D1718624ED302900F03C8F /* LinkedQueue.swift in Sources */,
				55772547634E508F224E28FC /* ThreeSum.swift in Sources */,
				557722C9BD7649D992024BA9 /* TwoSum.swift in Sources */,
				55772AF1F4B503CDEE050056 /* TrappingRainWater.swift in Sources */,
				557723D4875C4603A9E80266 /* MinimumDepthOfBinaryTree.swift in Sources */,
				55772110817E5CBB66DB6DA3 /* ReverseKGroupList.swift in Sources */,
				17EBDE75250BC41D0054434B /* Vertex.swift in Sources */,
				55772B479116108788C17FD2 /* RightSideView.swift in Sources */,
				17C9F18724CADED200A4841F /* SinglyLinkedCircularList.swift in Sources */,
				557724C7207E979C689E02F2 /* NumberReverse.swift in Sources */,
				55772F8E56522D4DEAD82803 /* HappyNumber.swift in Sources */,
				55772CA88F14B716E1433A47 /* RemoveDuplicates.swift in Sources */,
				5577294A57137504AF2A8D6F /* InorderTraversal.swift in Sources */,
				5577273F52859EF2BCBA5AB5 /* LengthOfLargestSubstring.swift in Sources */,
				557721987C384B1F5A0EDC98 /* Sqrtx.swift in Sources */,
				1724AA27251848F2007B2C22 /* LRUCache.swift in Sources */,
				557725418A0A01A6CDFE4861 /* BracketsIsValid.swift in Sources */,
				55772A7F74D602DE681E0980 /* CanJump.swift in Sources */,
				55772D7BC544B49CEB4F6ED4 /* HasCycle.swift in Sources */,
				17EA3BB6250BCB79003D7F81 /* Edge.swift in Sources */,
				557724EAACC8CC578FE8DE8B /* RotateArray.swift in Sources */,
				175E527724F7B28300CE174A /* KnuthMorrisPrattStringSearch.swift in Sources */,
				557729EB3DC8B6698389778B /* SortedArrayMerge.swift in Sources */,
				557727B656A2EC253ABAEA8F /* MaxSlidingWindow.swift in Sources */,
				174FF74624D12D6F00DD1ACB /* ArrayTags.swift in Sources */,
				557726DBB9F097E75A4F461B /* Deque.swift in Sources */,
				557721C76E1D4996262528BE /* ListNode.swift in Sources */,
				55772C2516676197C52658C5 /* Stack.swift in Sources */,
				17C097C32503939500D527A3 /* LinkedBinaryTree.swift in Sources */,
				55772F52B4DF1AAA35A38C30 /* MyCircularDeque.swift in Sources */,
				55772A89286B69B35A7CEC29 /* TreeNode.swift in Sources */,
				557725AE2852DE5D22FBF96E /* BinaryTreeNode.swift in Sources */,
				5577223F2DD454DE00159DEF /* SequenceList.swift in Sources */,
				557727C2416E664F38451F75 /* BruteForceStringSearch.swift in Sources */,
				55772190FF4890DA7AA087F4 /* RabinKarpSearch.swift in Sources */,
			);
			runOnlyForDeploymentPostprocessing = 0;
		};
		17F8F85C245EE14800846C43 /* Sources */ = {
			isa = PBXSourcesBuildPhase;
			buildActionMask = 2147483647;
			files = (
				17F8F863245EE14800846C43 /* AlgorithmPracticeUnitTest.swift in Sources */,
				557723C51C2BC657404D429A /* ClassNameHelper.swift in Sources */,
				17D753EB24D423280030164A /* RandomNode.swift in Sources */,
				17C5F9B124E28EF70011BF5A /* StackTags.swift in Sources */,
				5577292E57C53DBBCBFDE90E /* ALGOHelper.swift in Sources */,
				17CEA89D24F665300030714B /* BoyerMooreSearch.swift in Sources */,
				557726EB965C2F9F6F42DF3A /* main.swift in Sources */,
				557720C5F4B0D628AC40D91F /* ValidateBinarySearchTree.swift in Sources */,
				17EA3BB7250BCB79003D7F81 /* Edge.swift in Sources */,
				55772CD17FD2AE08EF388A1B /* SwapPairs.swift in Sources */,
				17B1AE9E250CCF86000E2EAC /* GraphTagUnitTest.swift in Sources */,
				55772B615A8F4AC992B699A0 /* PreorderTraversal.swift in Sources */,
				17B77CE3250F7813009985F4 /* SortTest.swift in Sources */,
				17C9F18A24CAEDDF00A4841F /* SinglyLinkedCircularList.swift in Sources */,
				17CF925A24D00FEF0042566F /* LinkedListTags.swift in Sources */,
				55772DD71E6C84F933C21563 /* SingleNumber.swift in Sources */,
				557728B9D6E66440AB67EBBC /* PostorderTraversal.swift in Sources */,
				5577240D022B8EAFE5CA6678 /* HasCycle2.swift in Sources */,
				557725AE71C8648DD8B5EB9C /* WordIsAnagram.swift in Sources */,
				55772AAA3333FDBEE8B11DF2 /* JumpGameIi.swift in Sources */,
				55772ED61E21A4CEAF97FE2F /* LongestSubstringWithoutRepeatingCharacters.swift in Sources */,
				17C9F18924CAED7900A4841F /* SinglyLinkedCircularListTests.swift in Sources */,
				17FA628E24EA6D2A00D19873 /* ClimbingStarsUnitTest.swift in Sources */,
				55772C9038BC10C77A083D3D /* MaximumSubarray.swift in Sources */,
				5577226B379BF06F2C5CC52C /* NTreeLevelorderTraversal.swift in Sources */,
				17D1718424ECE13C00F03C8F /* CircleQueue.swift in Sources */,
				55772F60A505BBEFE63209F3 /* NumberOfSubarrays.swift in Sources */,
				5577285701F651CBAA8A5B53 /* InvertTree.swift in Sources */,
				55772D83C1661CA6E6E1E601 /* GroupAnagrams.swift in Sources */,
				55772A24B040FCACC146581C /* SubtreeOfAnotherTree.swift in Sources */,
				55772BD18E36716A6B4505E6 /* SerializeAndDeserializeBinaryTree.swift in Sources */,
				55772B2DE2D9627576B0070D /* NumIslands.swift in Sources */,
				55772813EC39030A5A52C98A /* ShuZuZhongShuZiChuXianDeCiShuLcof.swift in Sources */,
				17EA3BB4250BC68D003D7F81 /* AbstractGraph.swift in Sources */,
				17B1AE98250CA470000E2EAC /* AdjacencyListGraph.swift in Sources */,
				557722F97AA3A26C00784277 /* GenerateParenthesis.swift in Sources */,
				557721ADB6EBFEF7A06E3427 /* ConvertSortedArrayToBinarySearchTree.swift in Sources */,
				17CD141025022FC70000DB0F /* ArrayBinaryTree.swift in Sources */,
				175E527824F7B28300CE174A /* KnuthMorrisPrattStringSearch.swift in Sources */,
				17EBDE73250BB66F0054434B /* AdjacencyMatrixGraph.swift in Sources */,
				55772552238644BC92AC2FEB /* GetMaxRepetitions.swift in Sources */,
				17D1718724ED302900F03C8F /* LinkedQueue.swift in Sources */,
				17EBDE76250BC41D0054434B /* Vertex.swift in Sources */,
				17C097C82503B63500D527A3 /* TreeTags.swift in Sources */,
				557727CF83AB5654C7069F1B /* PostorderNTree.swift in Sources */,
				55772A128790069599F387D8 /* WasToChange.swift in Sources */,
				557722BC83BD5C4093BD162E /* IntervalMerge.swift in Sources */,
				55772B92EBD3B56B2160CFE1 /* PlusOne.swift in Sources */,
				1724AA28251848F2007B2C22 /* LRUCache.swift in Sources */,
				5577232B97585574E9714DE8 /* ClimbingStars.swift in Sources */,
				5577204D04E83B778E378A3C /* ReverseList.swift in Sources */,
				55772D7CE8CE6039F80CF5CC /* BSTTraversal.swift in Sources */,
				55772CC165AD65B663424E9B /* MergeTwoSortedLists.swift in Sources */,
				55772E95C7AE71FD83B1C50B /* SearchInRotatedSortedArray.swift in Sources */,
				55772C652D33612C2112EC54 /* MovieZeros.swift in Sources */,
				55772CA76E6552755A5305CC /* MaxWaterArea.swift in Sources */,
				17C097C4250396E900D527A3 /* LinkedBinaryTree.swift in Sources */,
				55772937AFBAB95D90BA3DB1 /* LargestRectangleArea.swift in Sources */,
				55772D4FA5332CE5B64E9B6D /* SameTree.swift in Sources */,
				557720CDC6587E688F8931DB /* MaximumDepthOfBinaryTree.swift in Sources */,
				55772B7747F2E6DCDC07A015 /* ThreeSum.swift in Sources */,
				5577277B8CFBEC322FA05F9F /* TwoSum.swift in Sources */,
				55772D2F76FE0A3FBB83D4EF /* TrappingRainWater.swift in Sources */,
				55772D1237F6EDE652C48AB0 /* MinimumDepthOfBinaryTree.swift in Sources */,
				557725F2956C3EBF438CF00B /* ReverseKGroupList.swift in Sources */,
				55772A4843C17ADFE56C4413 /* RightSideView.swift in Sources */,
				55772FB34248255BC798722B /* NumberReverse.swift in Sources */,
				55772A7100B235269ABF39BB /* HappyNumber.swift in Sources */,
				174FF74424D1217100DD1ACB /* ArrayTagsUnitTest.swift in Sources */,
				174FF74724D12E6200DD1ACB /* ArrayTags.swift in Sources */,
				55772D7B1954D441419C05B0 /* RemoveDuplicates.swift in Sources */,
				55772570973920F3436630D0 /* InorderTraversal.swift in Sources */,
				17C097CB2503C1A000D527A3 /* NTreeNode.swift in Sources */,
				17B77CE0250F7285009985F4 /* ALGOSort.swift in Sources */,
				55772EA8C8D937C192DB3141 /* LengthOfLargestSubstring.swift in Sources */,
				5577269E8BC32DF84615C716 /* Sqrtx.swift in Sources */,
				55772A462CAD8BC74176D3CB /* BracketsIsValid.swift in Sources */,
				55772FBAFCD303B966B0AB30 /* CanJump.swift in Sources */,
				55772DCB0E5E328F484DBEF6 /* HasCycle.swift in Sources */,
				17B1AE9C250CCDBE000E2EAC /* GraphTags.swift in Sources */,
				17C5F9B324E295890011BF5A /* StackTagsUnitTest.swift in Sources */,
				55772326B3211FA032BE9BD3 /* RotateArray.swift in Sources */,
				17CF925924D00F770042566F /* LinkedListTagsUnitTest.swift in Sources */,
				55772BE907D0CD777B9111D1 /* SortedArrayMerge.swift in Sources */,
				55772432F09D6F4AC6F613A5 /* MaxSlidingWindow.swift in Sources */,
				5577226C063F109D98BF77CA /* Deque.swift in Sources */,
				55772BC972EAFD6911A1F273 /* ListNode.swift in Sources */,
				55772EF0FDF534C4E6457C66 /* Stack.swift in Sources */,
				17C097CE2503D48900D527A3 /* TreeTagTest.swift in Sources */,
				557720B781538D01A1804920 /* MyCircularDeque.swift in Sources */,
				55772686C8FFF482037AE528 /* TreeNode.swift in Sources */,
				5577286645290F70A8CA4AF9 /* BinaryTreeNode.swift in Sources */,
				55772DA50FF38718E5BAD9C4 /* SequenceList.swift in Sources */,
				557723DD1F89D81DF7A8DA98 /* BruteForceStringSearch.swift in Sources */,
				55772E43C94EE475877DADC9 /* TestDSString.swift in Sources */,
				557723507BB1680093B9C2D6 /* RabinKarpSearch.swift in Sources */,
			);
			runOnlyForDeploymentPostprocessing = 0;
		};
/* End PBXSourcesBuildPhase section */

/* Begin XCBuildConfiguration section */
		1707AAFE2429F31500337E8C /* Debug */ = {
			isa = XCBuildConfiguration;
			buildSettings = {
				ALWAYS_SEARCH_USER_PATHS = NO;
				CLANG_ANALYZER_NONNULL = YES;
				CLANG_ANALYZER_NUMBER_OBJECT_CONVERSION = YES_AGGRESSIVE;
				CLANG_CXX_LANGUAGE_STANDARD = "gnu++14";
				CLANG_CXX_LIBRARY = "libc++";
				CLANG_ENABLE_MODULES = YES;
				CLANG_ENABLE_OBJC_ARC = YES;
				CLANG_ENABLE_OBJC_WEAK = YES;
				CLANG_WARN_BLOCK_CAPTURE_AUTORELEASING = YES;
				CLANG_WARN_BOOL_CONVERSION = YES;
				CLANG_WARN_COMMA = YES;
				CLANG_WARN_CONSTANT_CONVERSION = YES;
				CLANG_WARN_DEPRECATED_OBJC_IMPLEMENTATIONS = YES;
				CLANG_WARN_DIRECT_OBJC_ISA_USAGE = YES_ERROR;
				CLANG_WARN_DOCUMENTATION_COMMENTS = YES;
				CLANG_WARN_EMPTY_BODY = YES;
				CLANG_WARN_ENUM_CONVERSION = YES;
				CLANG_WARN_INFINITE_RECURSION = YES;
				CLANG_WARN_INT_CONVERSION = YES;
				CLANG_WARN_NON_LITERAL_NULL_CONVERSION = YES;
				CLANG_WARN_OBJC_IMPLICIT_RETAIN_SELF = YES;
				CLANG_WARN_OBJC_LITERAL_CONVERSION = YES;
				CLANG_WARN_OBJC_ROOT_CLASS = YES_ERROR;
				CLANG_WARN_RANGE_LOOP_ANALYSIS = YES;
				CLANG_WARN_STRICT_PROTOTYPES = YES;
				CLANG_WARN_SUSPICIOUS_MOVE = YES;
				CLANG_WARN_UNGUARDED_AVAILABILITY = YES_AGGRESSIVE;
				CLANG_WARN_UNREACHABLE_CODE = YES;
				CLANG_WARN__DUPLICATE_METHOD_MATCH = YES;
				COPY_PHASE_STRIP = NO;
				DEBUG_INFORMATION_FORMAT = dwarf;
				ENABLE_STRICT_OBJC_MSGSEND = YES;
				ENABLE_TESTABILITY = YES;
				GCC_C_LANGUAGE_STANDARD = gnu11;
				GCC_DYNAMIC_NO_PIC = NO;
				GCC_NO_COMMON_BLOCKS = YES;
				GCC_OPTIMIZATION_LEVEL = 0;
				GCC_PREPROCESSOR_DEFINITIONS = (
					"DEBUG=1",
					"$(inherited)",
				);
				GCC_WARN_64_TO_32_BIT_CONVERSION = YES;
				GCC_WARN_ABOUT_RETURN_TYPE = YES_ERROR;
				GCC_WARN_UNDECLARED_SELECTOR = YES;
				GCC_WARN_UNINITIALIZED_AUTOS = YES_AGGRESSIVE;
				GCC_WARN_UNUSED_FUNCTION = YES;
				GCC_WARN_UNUSED_VARIABLE = YES;
				MACOSX_DEPLOYMENT_TARGET = 10.14;
				MTL_ENABLE_DEBUG_INFO = INCLUDE_SOURCE;
				MTL_FAST_MATH = YES;
				ONLY_ACTIVE_ARCH = YES;
				SDKROOT = macosx;
				SWIFT_ACTIVE_COMPILATION_CONDITIONS = DEBUG;
				SWIFT_OPTIMIZATION_LEVEL = "-Onone";
			};
			name = Debug;
		};
		1707AAFF2429F31500337E8C /* Release */ = {
			isa = XCBuildConfiguration;
			buildSettings = {
				ALWAYS_SEARCH_USER_PATHS = NO;
				CLANG_ANALYZER_NONNULL = YES;
				CLANG_ANALYZER_NUMBER_OBJECT_CONVERSION = YES_AGGRESSIVE;
				CLANG_CXX_LANGUAGE_STANDARD = "gnu++14";
				CLANG_CXX_LIBRARY = "libc++";
				CLANG_ENABLE_MODULES = YES;
				CLANG_ENABLE_OBJC_ARC = YES;
				CLANG_ENABLE_OBJC_WEAK = YES;
				CLANG_WARN_BLOCK_CAPTURE_AUTORELEASING = YES;
				CLANG_WARN_BOOL_CONVERSION = YES;
				CLANG_WARN_COMMA = YES;
				CLANG_WARN_CONSTANT_CONVERSION = YES;
				CLANG_WARN_DEPRECATED_OBJC_IMPLEMENTATIONS = YES;
				CLANG_WARN_DIRECT_OBJC_ISA_USAGE = YES_ERROR;
				CLANG_WARN_DOCUMENTATION_COMMENTS = YES;
				CLANG_WARN_EMPTY_BODY = YES;
				CLANG_WARN_ENUM_CONVERSION = YES;
				CLANG_WARN_INFINITE_RECURSION = YES;
				CLANG_WARN_INT_CONVERSION = YES;
				CLANG_WARN_NON_LITERAL_NULL_CONVERSION = YES;
				CLANG_WARN_OBJC_IMPLICIT_RETAIN_SELF = YES;
				CLANG_WARN_OBJC_LITERAL_CONVERSION = YES;
				CLANG_WARN_OBJC_ROOT_CLASS = YES_ERROR;
				CLANG_WARN_RANGE_LOOP_ANALYSIS = YES;
				CLANG_WARN_STRICT_PROTOTYPES = YES;
				CLANG_WARN_SUSPICIOUS_MOVE = YES;
				CLANG_WARN_UNGUARDED_AVAILABILITY = YES_AGGRESSIVE;
				CLANG_WARN_UNREACHABLE_CODE = YES;
				CLANG_WARN__DUPLICATE_METHOD_MATCH = YES;
				COPY_PHASE_STRIP = NO;
				DEBUG_INFORMATION_FORMAT = "dwarf-with-dsym";
				ENABLE_NS_ASSERTIONS = NO;
				ENABLE_STRICT_OBJC_MSGSEND = YES;
				GCC_C_LANGUAGE_STANDARD = gnu11;
				GCC_NO_COMMON_BLOCKS = YES;
				GCC_WARN_64_TO_32_BIT_CONVERSION = YES;
				GCC_WARN_ABOUT_RETURN_TYPE = YES_ERROR;
				GCC_WARN_UNDECLARED_SELECTOR = YES;
				GCC_WARN_UNINITIALIZED_AUTOS = YES_AGGRESSIVE;
				GCC_WARN_UNUSED_FUNCTION = YES;
				GCC_WARN_UNUSED_VARIABLE = YES;
				MACOSX_DEPLOYMENT_TARGET = 10.14;
				MTL_ENABLE_DEBUG_INFO = NO;
				MTL_FAST_MATH = YES;
				SDKROOT = macosx;
				SWIFT_COMPILATION_MODE = wholemodule;
				SWIFT_OPTIMIZATION_LEVEL = "-O";
			};
			name = Release;
		};
		1707AB012429F31500337E8C /* Debug */ = {
			isa = XCBuildConfiguration;
			baseConfigurationReference = BC58ACB1BA370ABFACAAB1E9 /* Pods-AlgorithmPractice.debug.xcconfig */;
			buildSettings = {
				CLANG_ENABLE_MODULES = YES;
				CODE_SIGN_IDENTITY = "-";
				CODE_SIGN_STYLE = Automatic;
				DEVELOPMENT_TEAM = 4SURL4UGYU;
				ENABLE_HARDENED_RUNTIME = YES;
				LD_RUNPATH_SEARCH_PATHS = (
					"$(inherited)",
					"@executable_path/../Frameworks",
					"@loader_path/../Frameworks",
				);
				PRODUCT_NAME = "$(TARGET_NAME)";
				SWIFT_OBJC_BRIDGING_HEADER = "AlgorithmPractice/AlgorithmPractice-Bridging-Header.h";
				SWIFT_OPTIMIZATION_LEVEL = "-Onone";
				SWIFT_VERSION = 5.0;
			};
			name = Debug;
		};
		1707AB022429F31500337E8C /* Release */ = {
			isa = XCBuildConfiguration;
			baseConfigurationReference = FA1ADEBC9FD99868A143DE10 /* Pods-AlgorithmPractice.release.xcconfig */;
			buildSettings = {
				CLANG_ENABLE_MODULES = YES;
				CODE_SIGN_IDENTITY = "-";
				CODE_SIGN_STYLE = Automatic;
				DEVELOPMENT_TEAM = 4SURL4UGYU;
				ENABLE_HARDENED_RUNTIME = YES;
				LD_RUNPATH_SEARCH_PATHS = (
					"$(inherited)",
					"@executable_path/../Frameworks",
					"@loader_path/../Frameworks",
				);
				PRODUCT_NAME = "$(TARGET_NAME)";
				SWIFT_OBJC_BRIDGING_HEADER = "AlgorithmPractice/AlgorithmPractice-Bridging-Header.h";
				SWIFT_VERSION = 5.0;
			};
			name = Release;
		};
		17F8F866245EE14800846C43 /* Debug */ = {
			isa = XCBuildConfiguration;
			baseConfigurationReference = 95F499E66ED36F5B5D380A35 /* Pods-AlgorithmPracticeUnitTest.debug.xcconfig */;
			buildSettings = {
				CODE_SIGN_STYLE = Automatic;
				COMBINE_HIDPI_IMAGES = YES;
				DEVELOPMENT_TEAM = 4SURL4UGYU;
				INFOPLIST_FILE = AlgorithmPracticeUnitTest/Info.plist;
				LD_RUNPATH_SEARCH_PATHS = (
					"$(inherited)",
					"@executable_path/../Frameworks",
					"@loader_path/../Frameworks",
				);
				MACOSX_DEPLOYMENT_TARGET = 10.15;
				PRODUCT_BUNDLE_IDENTIFIER = com.superYang.AlgorithmPracticeUnitTest;
				PRODUCT_NAME = "$(TARGET_NAME)";
				SWIFT_VERSION = 5.0;
			};
			name = Debug;
		};
		17F8F867245EE14800846C43 /* Release */ = {
			isa = XCBuildConfiguration;
			baseConfigurationReference = AC6837534A53E698A504C79A /* Pods-AlgorithmPracticeUnitTest.release.xcconfig */;
			buildSettings = {
				CODE_SIGN_STYLE = Automatic;
				COMBINE_HIDPI_IMAGES = YES;
				DEVELOPMENT_TEAM = 4SURL4UGYU;
				INFOPLIST_FILE = AlgorithmPracticeUnitTest/Info.plist;
				LD_RUNPATH_SEARCH_PATHS = (
					"$(inherited)",
					"@executable_path/../Frameworks",
					"@loader_path/../Frameworks",
				);
				MACOSX_DEPLOYMENT_TARGET = 10.15;
				PRODUCT_BUNDLE_IDENTIFIER = com.superYang.AlgorithmPracticeUnitTest;
				PRODUCT_NAME = "$(TARGET_NAME)";
				SWIFT_VERSION = 5.0;
			};
			name = Release;
		};
/* End XCBuildConfiguration section */

/* Begin XCConfigurationList section */
		1707AAF42429F31500337E8C /* Build configuration list for PBXProject "AlgorithmPractice" */ = {
			isa = XCConfigurationList;
			buildConfigurations = (
				1707AAFE2429F31500337E8C /* Debug */,
				1707AAFF2429F31500337E8C /* Release */,
			);
			defaultConfigurationIsVisible = 0;
			defaultConfigurationName = Release;
		};
		1707AB002429F31500337E8C /* Build configuration list for PBXNativeTarget "AlgorithmPractice" */ = {
			isa = XCConfigurationList;
			buildConfigurations = (
				1707AB012429F31500337E8C /* Debug */,
				1707AB022429F31500337E8C /* Release */,
			);
			defaultConfigurationIsVisible = 0;
			defaultConfigurationName = Release;
		};
		17F8F865245EE14800846C43 /* Build configuration list for PBXNativeTarget "AlgorithmPracticeUnitTest" */ = {
			isa = XCConfigurationList;
			buildConfigurations = (
				17F8F866245EE14800846C43 /* Debug */,
				17F8F867245EE14800846C43 /* Release */,
			);
			defaultConfigurationIsVisible = 0;
			defaultConfigurationName = Release;
		};
/* End XCConfigurationList section */
	};
	rootObject = 1707AAF12429F31500337E8C /* Project object */;
}
